// !$*UTF8*$!
{
	archiveVersion = 1;
	classes = {
	};
	objectVersion = 56;
	objects = {

/* Begin PBXBuildFile section */
		6938C7562B72E66D004B9237 /* FloatingTextField.swift in Sources */ = {isa = PBXBuildFile; fileRef = 6938C7552B72E66D004B9237 /* FloatingTextField.swift */; };
		696208532B6A891B0045DD39 /* JobHelpers.swift in Sources */ = {isa = PBXBuildFile; fileRef = 696208522B6A891B0045DD39 /* JobHelpers.swift */; };
		696208572B6A98730045DD39 /* AppViewModel.swift in Sources */ = {isa = PBXBuildFile; fileRef = 696208562B6A98730045DD39 /* AppViewModel.swift */; };
		699750C62B5ED2DC000EBCD1 /* JobsApp.swift in Sources */ = {isa = PBXBuildFile; fileRef = 699750C52B5ED2DC000EBCD1 /* JobsApp.swift */; };
		699750C82B5ED2DC000EBCD1 /* MainView.swift in Sources */ = {isa = PBXBuildFile; fileRef = 699750C72B5ED2DC000EBCD1 /* MainView.swift */; };
		699750CA2B5ED2DD000EBCD1 /* Assets.xcassets in Resources */ = {isa = PBXBuildFile; fileRef = 699750C92B5ED2DD000EBCD1 /* Assets.xcassets */; };
		699750CE2B5ED2DD000EBCD1 /* Preview Assets.xcassets in Resources */ = {isa = PBXBuildFile; fileRef = 699750CD2B5ED2DD000EBCD1 /* Preview Assets.xcassets */; };
		699750D52B5FD7E1000EBCD1 /* Job.swift in Sources */ = {isa = PBXBuildFile; fileRef = 699750D42B5FD7E1000EBCD1 /* Job.swift */; };
		699750D72B5FF413000EBCD1 /* NewJobView.swift in Sources */ = {isa = PBXBuildFile; fileRef = 699750D62B5FF413000EBCD1 /* NewJobView.swift */; };
		699750D92B6007AD000EBCD1 /* EditJobView.swift in Sources */ = {isa = PBXBuildFile; fileRef = 699750D82B6007AD000EBCD1 /* EditJobView.swift */; };
		699750DB2B614E61000EBCD1 /* JobListView.swift in Sources */ = {isa = PBXBuildFile; fileRef = 699750DA2B614E61000EBCD1 /* JobListView.swift */; };
/* End PBXBuildFile section */

/* Begin PBXFileReference section */
		6938C7552B72E66D004B9237 /* FloatingTextField.swift */ = {isa = PBXFileReference; fileEncoding = 4; lastKnownFileType = sourcecode.swift; name = FloatingTextField.swift; path = "../../../../../Downloads/JobTracker-main/JobTracker/JobTracker/FloatingTextField.swift"; sourceTree = "<group>"; };
		696208522B6A891B0045DD39 /* JobHelpers.swift */ = {isa = PBXFileReference; lastKnownFileType = sourcecode.swift; path = JobHelpers.swift; sourceTree = "<group>"; };
		696208542B6A8F620045DD39 /* JobsDebug.entitlements */ = {isa = PBXFileReference; lastKnownFileType = text.plist.entitlements; path = JobsDebug.entitlements; sourceTree = "<group>"; };
		696208552B6A8FE70045DD39 /* Info.plist */ = {isa = PBXFileReference; lastKnownFileType = text.plist; path = Info.plist; sourceTree = "<group>"; };
		696208562B6A98730045DD39 /* AppViewModel.swift */ = {isa = PBXFileReference; lastKnownFileType = sourcecode.swift; path = AppViewModel.swift; sourceTree = "<group>"; };
		699750C22B5ED2DC000EBCD1 /* Jobs.app */ = {isa = PBXFileReference; explicitFileType = wrapper.application; includeInIndex = 0; path = Jobs.app; sourceTree = BUILT_PRODUCTS_DIR; };
		699750C52B5ED2DC000EBCD1 /* JobsApp.swift */ = {isa = PBXFileReference; lastKnownFileType = sourcecode.swift; path = JobsApp.swift; sourceTree = "<group>"; };
		699750C72B5ED2DC000EBCD1 /* MainView.swift */ = {isa = PBXFileReference; lastKnownFileType = sourcecode.swift; path = MainView.swift; sourceTree = "<group>"; };
		699750C92B5ED2DD000EBCD1 /* Assets.xcassets */ = {isa = PBXFileReference; lastKnownFileType = folder.assetcatalog; path = Assets.xcassets; sourceTree = "<group>"; };
		699750CB2B5ED2DD000EBCD1 /* Jobs.entitlements */ = {isa = PBXFileReference; lastKnownFileType = text.plist.entitlements; path = Jobs.entitlements; sourceTree = "<group>"; };
		699750CD2B5ED2DD000EBCD1 /* Preview Assets.xcassets */ = {isa = PBXFileReference; lastKnownFileType = folder.assetcatalog; path = "Preview Assets.xcassets"; sourceTree = "<group>"; };
		699750D42B5FD7E1000EBCD1 /* Job.swift */ = {isa = PBXFileReference; lastKnownFileType = sourcecode.swift; path = Job.swift; sourceTree = "<group>"; };
		699750D62B5FF413000EBCD1 /* NewJobView.swift */ = {isa = PBXFileReference; lastKnownFileType = sourcecode.swift; path = NewJobView.swift; sourceTree = "<group>"; };
		699750D82B6007AD000EBCD1 /* EditJobView.swift */ = {isa = PBXFileReference; lastKnownFileType = sourcecode.swift; path = EditJobView.swift; sourceTree = "<group>"; };
		699750DA2B614E61000EBCD1 /* JobListView.swift */ = {isa = PBXFileReference; lastKnownFileType = sourcecode.swift; path = JobListView.swift; sourceTree = "<group>"; };
/* End PBXFileReference section */

/* Begin PBXFrameworksBuildPhase section */
		699750BF2B5ED2DC000EBCD1 /* Frameworks */ = {
			isa = PBXFrameworksBuildPhase;
			buildActionMask = 2147483647;
			files = (
			);
			runOnlyForDeploymentPostprocessing = 0;
		};
/* End PBXFrameworksBuildPhase section */

/* Begin PBXGroup section */
		699750B92B5ED2DC000EBCD1 = {
			isa = PBXGroup;
			children = (
				699750C42B5ED2DC000EBCD1 /* Jobs */,
				699750C32B5ED2DC000EBCD1 /* Products */,
			);
			sourceTree = "<group>";
		};
		699750C32B5ED2DC000EBCD1 /* Products */ = {
			isa = PBXGroup;
			children = (
				699750C22B5ED2DC000EBCD1 /* Jobs.app */,
			);
			name = Products;
			sourceTree = "<group>";
		};
		699750C42B5ED2DC000EBCD1 /* Jobs */ = {
			isa = PBXGroup;
			children = (
				696208552B6A8FE70045DD39 /* Info.plist */,
				696208542B6A8F620045DD39 /* JobsDebug.entitlements */,
				699750C52B5ED2DC000EBCD1 /* JobsApp.swift */,
				699750C72B5ED2DC000EBCD1 /* MainView.swift */,
				699750DA2B614E61000EBCD1 /* JobListView.swift */,
				699750D82B6007AD000EBCD1 /* EditJobView.swift */,
				699750D62B5FF413000EBCD1 /* NewJobView.swift */,
				6938C7552B72E66D004B9237 /* FloatingTextField.swift */,
				696208562B6A98730045DD39 /* AppViewModel.swift */,
				699750C92B5ED2DD000EBCD1 /* Assets.xcassets */,
				699750D42B5FD7E1000EBCD1 /* Job.swift */,
				696208522B6A891B0045DD39 /* JobHelpers.swift */,
				699750CB2B5ED2DD000EBCD1 /* Jobs.entitlements */,
				699750CC2B5ED2DD000EBCD1 /* Preview Content */,
			);
			path = Jobs;
			sourceTree = "<group>";
		};
		699750CC2B5ED2DD000EBCD1 /* Preview Content */ = {
			isa = PBXGroup;
			children = (
				699750CD2B5ED2DD000EBCD1 /* Preview Assets.xcassets */,
			);
			path = "Preview Content";
			sourceTree = "<group>";
		};
/* End PBXGroup section */

/* Begin PBXNativeTarget section */
		699750C12B5ED2DC000EBCD1 /* Jobs */ = {
			isa = PBXNativeTarget;
			buildConfigurationList = 699750D12B5ED2DD000EBCD1 /* Build configuration list for PBXNativeTarget "Jobs" */;
			buildPhases = (
				699750BE2B5ED2DC000EBCD1 /* Sources */,
				699750BF2B5ED2DC000EBCD1 /* Frameworks */,
				699750C02B5ED2DC000EBCD1 /* Resources */,
			);
			buildRules = (
			);
			dependencies = (
			);
			name = Jobs;
			productName = Jobs;
			productReference = 699750C22B5ED2DC000EBCD1 /* Jobs.app */;
			productType = "com.apple.product-type.application";
		};
/* End PBXNativeTarget section */

/* Begin PBXProject section */
		699750BA2B5ED2DC000EBCD1 /* Project object */ = {
			isa = PBXProject;
			attributes = {
				BuildIndependentTargetsInParallel = 1;
				LastSwiftUpdateCheck = 1510;
				LastUpgradeCheck = 1510;
				TargetAttributes = {
					699750C12B5ED2DC000EBCD1 = {
						CreatedOnToolsVersion = 15.1;
					};
				};
			};
			buildConfigurationList = 699750BD2B5ED2DC000EBCD1 /* Build configuration list for PBXProject "Jobs" */;
			compatibilityVersion = "Xcode 14.0";
			developmentRegion = en;
			hasScannedForEncodings = 0;
			knownRegions = (
				en,
				Base,
			);
			mainGroup = 699750B92B5ED2DC000EBCD1;
			productRefGroup = 699750C32B5ED2DC000EBCD1 /* Products */;
			projectDirPath = "";
			projectRoot = "";
			targets = (
				699750C12B5ED2DC000EBCD1 /* Jobs */,
			);
		};
/* End PBXProject section */

/* Begin PBXResourcesBuildPhase section */
		699750C02B5ED2DC000EBCD1 /* Resources */ = {
			isa = PBXResourcesBuildPhase;
			buildActionMask = 2147483647;
			files = (
				699750CE2B5ED2DD000EBCD1 /* Preview Assets.xcassets in Resources */,
				699750CA2B5ED2DD000EBCD1 /* Assets.xcassets in Resources */,
			);
			runOnlyForDeploymentPostprocessing = 0;
		};
/* End PBXResourcesBuildPhase section */

/* Begin PBXSourcesBuildPhase section */
		699750BE2B5ED2DC000EBCD1 /* Sources */ = {
			isa = PBXSourcesBuildPhase;
			buildActionMask = 2147483647;
			files = (
				699750D92B6007AD000EBCD1 /* EditJobView.swift in Sources */,
				696208532B6A891B0045DD39 /* JobHelpers.swift in Sources */,
				696208572B6A98730045DD39 /* AppViewModel.swift in Sources */,
				699750C82B5ED2DC000EBCD1 /* MainView.swift in Sources */,
				6938C7562B72E66D004B9237 /* FloatingTextField.swift in Sources */,
				699750DB2B614E61000EBCD1 /* JobListView.swift in Sources */,
				699750D52B5FD7E1000EBCD1 /* Job.swift in Sources */,
				699750C62B5ED2DC000EBCD1 /* JobsApp.swift in Sources */,
				699750D72B5FF413000EBCD1 /* NewJobView.swift in Sources */,
			);
			runOnlyForDeploymentPostprocessing = 0;
		};
/* End PBXSourcesBuildPhase section */

/* Begin XCBuildConfiguration section */
		699750CF2B5ED2DD000EBCD1 /* Debug */ = {
			isa = XCBuildConfiguration;
			buildSettings = {
				ALWAYS_SEARCH_USER_PATHS = NO;
				ASSETCATALOG_COMPILER_GENERATE_SWIFT_ASSET_SYMBOL_EXTENSIONS = YES;
				CLANG_ANALYZER_NONNULL = YES;
				CLANG_ANALYZER_NUMBER_OBJECT_CONVERSION = YES_AGGRESSIVE;
				CLANG_CXX_LANGUAGE_STANDARD = "gnu++20";
				CLANG_ENABLE_MODULES = YES;
				CLANG_ENABLE_OBJC_ARC = YES;
				CLANG_ENABLE_OBJC_WEAK = YES;
				CLANG_WARN_BLOCK_CAPTURE_AUTORELEASING = YES;
				CLANG_WARN_BOOL_CONVERSION = YES;
				CLANG_WARN_COMMA = YES;
				CLANG_WARN_CONSTANT_CONVERSION = YES;
				CLANG_WARN_DEPRECATED_OBJC_IMPLEMENTATIONS = YES;
				CLANG_WARN_DIRECT_OBJC_ISA_USAGE = YES_ERROR;
				CLANG_WARN_DOCUMENTATION_COMMENTS = YES;
				CLANG_WARN_EMPTY_BODY = YES;
				CLANG_WARN_ENUM_CONVERSION = YES;
				CLANG_WARN_INFINITE_RECURSION = YES;
				CLANG_WARN_INT_CONVERSION = YES;
				CLANG_WARN_NON_LITERAL_NULL_CONVERSION = YES;
				CLANG_WARN_OBJC_IMPLICIT_RETAIN_SELF = YES;
				CLANG_WARN_OBJC_LITERAL_CONVERSION = YES;
				CLANG_WARN_OBJC_ROOT_CLASS = YES_ERROR;
				CLANG_WARN_QUOTED_INCLUDE_IN_FRAMEWORK_HEADER = YES;
				CLANG_WARN_RANGE_LOOP_ANALYSIS = YES;
				CLANG_WARN_STRICT_PROTOTYPES = YES;
				CLANG_WARN_SUSPICIOUS_MOVE = YES;
				CLANG_WARN_UNGUARDED_AVAILABILITY = YES_AGGRESSIVE;
				CLANG_WARN_UNREACHABLE_CODE = YES;
				CLANG_WARN__DUPLICATE_METHOD_MATCH = YES;
				COPY_PHASE_STRIP = NO;
				DEBUG_INFORMATION_FORMAT = dwarf;
				ENABLE_STRICT_OBJC_MSGSEND = YES;
				ENABLE_TESTABILITY = YES;
				ENABLE_USER_SCRIPT_SANDBOXING = YES;
				GCC_C_LANGUAGE_STANDARD = gnu17;
				GCC_DYNAMIC_NO_PIC = NO;
				GCC_NO_COMMON_BLOCKS = YES;
				GCC_OPTIMIZATION_LEVEL = 0;
				GCC_PREPROCESSOR_DEFINITIONS = (
					"DEBUG=1",
					"$(inherited)",
				);
				GCC_WARN_64_TO_32_BIT_CONVERSION = YES;
				GCC_WARN_ABOUT_RETURN_TYPE = YES_ERROR;
				GCC_WARN_UNDECLARED_SELECTOR = YES;
				GCC_WARN_UNINITIALIZED_AUTOS = YES_AGGRESSIVE;
				GCC_WARN_UNUSED_FUNCTION = YES;
				GCC_WARN_UNUSED_VARIABLE = YES;
				LOCALIZATION_PREFERS_STRING_CATALOGS = YES;
				MTL_ENABLE_DEBUG_INFO = INCLUDE_SOURCE;
				MTL_FAST_MATH = YES;
				ONLY_ACTIVE_ARCH = YES;
				SWIFT_ACTIVE_COMPILATION_CONDITIONS = "DEBUG $(inherited)";
				SWIFT_OPTIMIZATION_LEVEL = "-Onone";
			};
			name = Debug;
		};
		699750D02B5ED2DD000EBCD1 /* Release */ = {
			isa = XCBuildConfiguration;
			buildSettings = {
				ALWAYS_SEARCH_USER_PATHS = NO;
				ASSETCATALOG_COMPILER_GENERATE_SWIFT_ASSET_SYMBOL_EXTENSIONS = YES;
				CLANG_ANALYZER_NONNULL = YES;
				CLANG_ANALYZER_NUMBER_OBJECT_CONVERSION = YES_AGGRESSIVE;
				CLANG_CXX_LANGUAGE_STANDARD = "gnu++20";
				CLANG_ENABLE_MODULES = YES;
				CLANG_ENABLE_OBJC_ARC = YES;
				CLANG_ENABLE_OBJC_WEAK = YES;
				CLANG_WARN_BLOCK_CAPTURE_AUTORELEASING = YES;
				CLANG_WARN_BOOL_CONVERSION = YES;
				CLANG_WARN_COMMA = YES;
				CLANG_WARN_CONSTANT_CONVERSION = YES;
				CLANG_WARN_DEPRECATED_OBJC_IMPLEMENTATIONS = YES;
				CLANG_WARN_DIRECT_OBJC_ISA_USAGE = YES_ERROR;
				CLANG_WARN_DOCUMENTATION_COMMENTS = YES;
				CLANG_WARN_EMPTY_BODY = YES;
				CLANG_WARN_ENUM_CONVERSION = YES;
				CLANG_WARN_INFINITE_RECURSION = YES;
				CLANG_WARN_INT_CONVERSION = YES;
				CLANG_WARN_NON_LITERAL_NULL_CONVERSION = YES;
				CLANG_WARN_OBJC_IMPLICIT_RETAIN_SELF = YES;
				CLANG_WARN_OBJC_LITERAL_CONVERSION = YES;
				CLANG_WARN_OBJC_ROOT_CLASS = YES_ERROR;
				CLANG_WARN_QUOTED_INCLUDE_IN_FRAMEWORK_HEADER = YES;
				CLANG_WARN_RANGE_LOOP_ANALYSIS = YES;
				CLANG_WARN_STRICT_PROTOTYPES = YES;
				CLANG_WARN_SUSPICIOUS_MOVE = YES;
				CLANG_WARN_UNGUARDED_AVAILABILITY = YES_AGGRESSIVE;
				CLANG_WARN_UNREACHABLE_CODE = YES;
				CLANG_WARN__DUPLICATE_METHOD_MATCH = YES;
				COPY_PHASE_STRIP = NO;
				DEBUG_INFORMATION_FORMAT = "dwarf-with-dsym";
				ENABLE_NS_ASSERTIONS = NO;
				ENABLE_STRICT_OBJC_MSGSEND = YES;
				ENABLE_USER_SCRIPT_SANDBOXING = YES;
				GCC_C_LANGUAGE_STANDARD = gnu17;
				GCC_NO_COMMON_BLOCKS = YES;
				GCC_WARN_64_TO_32_BIT_CONVERSION = YES;
				GCC_WARN_ABOUT_RETURN_TYPE = YES_ERROR;
				GCC_WARN_UNDECLARED_SELECTOR = YES;
				GCC_WARN_UNINITIALIZED_AUTOS = YES_AGGRESSIVE;
				GCC_WARN_UNUSED_FUNCTION = YES;
				GCC_WARN_UNUSED_VARIABLE = YES;
				LOCALIZATION_PREFERS_STRING_CATALOGS = YES;
				MTL_ENABLE_DEBUG_INFO = NO;
				MTL_FAST_MATH = YES;
				SWIFT_COMPILATION_MODE = wholemodule;
			};
			name = Release;
		};
		699750D22B5ED2DD000EBCD1 /* Debug */ = {
			isa = XCBuildConfiguration;
			buildSettings = {
				ASSETCATALOG_COMPILER_APPICON_NAME = AppIcon;
				ASSETCATALOG_COMPILER_GLOBAL_ACCENT_COLOR_NAME = AccentColor;
				CODE_SIGN_ENTITLEMENTS = Jobs/JobsDebug.entitlements;
				CODE_SIGN_STYLE = Automatic;
				CURRENT_PROJECT_VERSION = 1;
				DEVELOPMENT_ASSET_PATHS = "\"Jobs/Preview Content\"";
				DEVELOPMENT_TEAM = 9FVDFCLP22;
				ENABLE_HARDENED_RUNTIME = YES;
				ENABLE_PREVIEWS = YES;
				GENERATE_INFOPLIST_FILE = YES;
				INFOPLIST_FILE = Jobs/Info.plist;
				INFOPLIST_KEY_NSCalendarsUsageDescription = "";
				"INFOPLIST_KEY_UIApplicationSceneManifest_Generation[sdk=iphoneos*]" = YES;
				"INFOPLIST_KEY_UIApplicationSceneManifest_Generation[sdk=iphonesimulator*]" = YES;
				"INFOPLIST_KEY_UIApplicationSupportsIndirectInputEvents[sdk=iphoneos*]" = YES;
				"INFOPLIST_KEY_UIApplicationSupportsIndirectInputEvents[sdk=iphonesimulator*]" = YES;
				"INFOPLIST_KEY_UILaunchScreen_Generation[sdk=iphoneos*]" = YES;
				"INFOPLIST_KEY_UILaunchScreen_Generation[sdk=iphonesimulator*]" = YES;
				"INFOPLIST_KEY_UIStatusBarStyle[sdk=iphoneos*]" = UIStatusBarStyleDefault;
				"INFOPLIST_KEY_UIStatusBarStyle[sdk=iphonesimulator*]" = UIStatusBarStyleDefault;
				INFOPLIST_KEY_UISupportedInterfaceOrientations_iPad = "UIInterfaceOrientationPortrait UIInterfaceOrientationPortraitUpsideDown UIInterfaceOrientationLandscapeLeft UIInterfaceOrientationLandscapeRight";
				INFOPLIST_KEY_UISupportedInterfaceOrientations_iPhone = "UIInterfaceOrientationPortrait UIInterfaceOrientationLandscapeLeft UIInterfaceOrientationLandscapeRight";
				IPHONEOS_DEPLOYMENT_TARGET = 17.2;
				LD_RUNPATH_SEARCH_PATHS = "@executable_path/Frameworks";
				"LD_RUNPATH_SEARCH_PATHS[sdk=macosx*]" = "@executable_path/../Frameworks";
				MACOSX_DEPLOYMENT_TARGET = 14.0;
				MARKETING_VERSION = 1.0;
				PRODUCT_BUNDLE_IDENTIFIER = com.RuiSilva.Jobs;
				PRODUCT_NAME = "$(TARGET_NAME)";
				SDKROOT = auto;
				SUPPORTED_PLATFORMS = "iphoneos iphonesimulator macosx";
				SWIFT_EMIT_LOC_STRINGS = YES;
				SWIFT_VERSION = 5.0;
				TARGETED_DEVICE_FAMILY = "1,2";
			};
			name = Debug;
		};
		699750D32B5ED2DD000EBCD1 /* Release */ = {
			isa = XCBuildConfiguration;
			buildSettings = {
				ASSETCATALOG_COMPILER_APPICON_NAME = AppIcon;
				ASSETCATALOG_COMPILER_GLOBAL_ACCENT_COLOR_NAME = AccentColor;
				CODE_SIGN_ENTITLEMENTS = Jobs/Jobs.entitlements;
				CODE_SIGN_STYLE = Automatic;
				CURRENT_PROJECT_VERSION = 1;
				DEVELOPMENT_ASSET_PATHS = "\"Jobs/Preview Content\"";
				DEVELOPMENT_TEAM = 9FVDFCLP22;
				ENABLE_HARDENED_RUNTIME = YES;
				ENABLE_PREVIEWS = YES;
				GENERATE_INFOPLIST_FILE = YES;
				INFOPLIST_FILE = Jobs/Info.plist;
				INFOPLIST_KEY_NSCalendarsUsageDescription = "";
				"INFOPLIST_KEY_UIApplicationSceneManifest_Generation[sdk=iphoneos*]" = YES;
				"INFOPLIST_KEY_UIApplicationSceneManifest_Generation[sdk=iphonesimulator*]" = YES;
				"INFOPLIST_KEY_UIApplicationSupportsIndirectInputEvents[sdk=iphoneos*]" = YES;
				"INFOPLIST_KEY_UIApplicationSupportsIndirectInputEvents[sdk=iphonesimulator*]" = YES;
				"INFOPLIST_KEY_UILaunchScreen_Generation[sdk=iphoneos*]" = YES;
				"INFOPLIST_KEY_UILaunchScreen_Generation[sdk=iphonesimulator*]" = YES;
				"INFOPLIST_KEY_UIStatusBarStyle[sdk=iphoneos*]" = UIStatusBarStyleDefault;
				"INFOPLIST_KEY_UIStatusBarStyle[sdk=iphonesimulator*]" = UIStatusBarStyleDefault;
				INFOPLIST_KEY_UISupportedInterfaceOrientations_iPad = "UIInterfaceOrientationPortrait UIInterfaceOrientationPortraitUpsideDown UIInterfaceOrientationLandscapeLeft UIInterfaceOrientationLandscapeRight";
				INFOPLIST_KEY_UISupportedInterfaceOrientations_iPhone = "UIInterfaceOrientationPortrait UIInterfaceOrientationLandscapeLeft UIInterfaceOrientationLandscapeRight";
				IPHONEOS_DEPLOYMENT_TARGET = 17.2;
				LD_RUNPATH_SEARCH_PATHS = "@executable_path/Frameworks";
				"LD_RUNPATH_SEARCH_PATHS[sdk=macosx*]" = "@executable_path/../Frameworks";
				MACOSX_DEPLOYMENT_TARGET = 14.0;
				MARKETING_VERSION = 1.0;
				PRODUCT_BUNDLE_IDENTIFIER = com.RuiSilva.Jobs;
				PRODUCT_NAME = "$(TARGET_NAME)";
				SDKROOT = auto;
				SUPPORTED_PLATFORMS = "iphoneos iphonesimulator macosx";
				SWIFT_EMIT_LOC_STRINGS = YES;
				SWIFT_VERSION = 5.0;
				TARGETED_DEVICE_FAMILY = "1,2";
			};
			name = Release;
		};
/* End XCBuildConfiguration section */

/* Begin XCConfigurationList section */
		699750BD2B5ED2DC000EBCD1 /* Build configuration list for PBXProject "Jobs" */ = {
			isa = XCConfigurationList;
			buildConfigurations = (
				699750CF2B5ED2DD000EBCD1 /* Debug */,
				699750D02B5ED2DD000EBCD1 /* Release */,
			);
			defaultConfigurationIsVisible = 0;
			defaultConfigurationName = Release;
		};
		699750D12B5ED2DD000EBCD1 /* Build configuration list for PBXNativeTarget "Jobs" */ = {
			isa = XCConfigurationList;
			buildConfigurations = (
				699750D22B5ED2DD000EBCD1 /* Debug */,
				699750D32B5ED2DD000EBCD1 /* Release */,
			);
			defaultConfigurationIsVisible = 0;
			defaultConfigurationName = Release;
		};
/* End XCConfigurationList section */
	};
	rootObject = 699750BA2B5ED2DC000EBCD1 /* Project object */;
}
