// !$*UTF8*$!
{
	archiveVersion = 1;
	classes = {
	};
	objectVersion = 56;
	objects = {

/* Begin PBXBuildFile section */
		69352EB62BBB2A3200B8A77B /* SingleRectangleView.swift in Sources */ = {isa = PBXBuildFile; fileRef = 69352EB52BBB2A3200B8A77B /* SingleRectangleView.swift */; };
		69352EB82BBB2B7A00B8A77B /* RectanglesView.swift in Sources */ = {isa = PBXBuildFile; fileRef = 69352EB72BBB2B7A00B8A77B /* RectanglesView.swift */; };
		69352EBA2BBB2C4B00B8A77B /* MainListCellView.swift in Sources */ = {isa = PBXBuildFile; fileRef = 69352EB92BBB2C4B00B8A77B /* MainListCellView.swift */; };
		69352EC22BBC248A00B8A77B /* EditJobViewModel.swift in Sources */ = {isa = PBXBuildFile; fileRef = 69352EC12BBC248A00B8A77B /* EditJobViewModel.swift */; };
		69352EC42BBC249300B8A77B /* NewJobViewModel.swift in Sources */ = {isa = PBXBuildFile; fileRef = 69352EC32BBC249300B8A77B /* NewJobViewModel.swift */; };
		69352EC72BBD6DAC00B8A77B /* NetworkManager.swift in Sources */ = {isa = PBXBuildFile; fileRef = 69352EC62BBD6DAC00B8A77B /* NetworkManager.swift */; };
		69352EC92BBD6FC100B8A77B /* CompanyInfo.swift in Sources */ = {isa = PBXBuildFile; fileRef = 69352EC82BBD6FC100B8A77B /* CompanyInfo.swift */; };
		69352ECB2BBD71EC00B8A77B /* NetworkHelpers.swift in Sources */ = {isa = PBXBuildFile; fileRef = 69352ECA2BBD71EC00B8A77B /* NetworkHelpers.swift */; };
		69352ECD2BBDA36900B8A77B /* LogoOptionsView.swift in Sources */ = {isa = PBXBuildFile; fileRef = 69352ECC2BBDA36900B8A77B /* LogoOptionsView.swift */; };
		69352ECF2BBEBB6C00B8A77B /* LogoOptionsViewModel.swift in Sources */ = {isa = PBXBuildFile; fileRef = 69352ECE2BBEBB6C00B8A77B /* LogoOptionsViewModel.swift */; };
		69352ED12BBF603100B8A77B /* EditTip.swift in Sources */ = {isa = PBXBuildFile; fileRef = 69352ED02BBF603100B8A77B /* EditTip.swift */; };
		696208532B6A891B0045DD39 /* JobHelpers.swift in Sources */ = {isa = PBXBuildFile; fileRef = 696208522B6A891B0045DD39 /* JobHelpers.swift */; };
		696208572B6A98730045DD39 /* MainViewViewModel.swift in Sources */ = {isa = PBXBuildFile; fileRef = 696208562B6A98730045DD39 /* MainViewViewModel.swift */; };
		6966B0DD2BB8DF7200BD3424 /* EmailHelper.swift in Sources */ = {isa = PBXBuildFile; fileRef = 6966B0DC2BB8DF7200BD3424 /* EmailHelper.swift */; };
		698006752BB37DF9007C725E /* FloatingTextField.swift in Sources */ = {isa = PBXBuildFile; fileRef = 698006742BB37DF9007C725E /* FloatingTextField.swift */; };
		699750C62B5ED2DC000EBCD1 /* JobsApp.swift in Sources */ = {isa = PBXBuildFile; fileRef = 699750C52B5ED2DC000EBCD1 /* JobsApp.swift */; };
		699750C82B5ED2DC000EBCD1 /* MainView.swift in Sources */ = {isa = PBXBuildFile; fileRef = 699750C72B5ED2DC000EBCD1 /* MainView.swift */; };
		699750CA2B5ED2DD000EBCD1 /* Assets.xcassets in Resources */ = {isa = PBXBuildFile; fileRef = 699750C92B5ED2DD000EBCD1 /* Assets.xcassets */; };
		699750CE2B5ED2DD000EBCD1 /* Preview Assets.xcassets in Resources */ = {isa = PBXBuildFile; fileRef = 699750CD2B5ED2DD000EBCD1 /* Preview Assets.xcassets */; };
		699750D52B5FD7E1000EBCD1 /* Job.swift in Sources */ = {isa = PBXBuildFile; fileRef = 699750D42B5FD7E1000EBCD1 /* Job.swift */; };
		699750D72B5FF413000EBCD1 /* NewJobView.swift in Sources */ = {isa = PBXBuildFile; fileRef = 699750D62B5FF413000EBCD1 /* NewJobView.swift */; };
		699750D92B6007AD000EBCD1 /* EditJobView.swift in Sources */ = {isa = PBXBuildFile; fileRef = 699750D82B6007AD000EBCD1 /* EditJobView.swift */; };
		699750DB2B614E61000EBCD1 /* JobListView.swift in Sources */ = {isa = PBXBuildFile; fileRef = 699750DA2B614E61000EBCD1 /* JobListView.swift */; };
		69984B7B2BD9BD3E002C23F2 /* RectDetailView.swift in Sources */ = {isa = PBXBuildFile; fileRef = 69984B7A2BD9BD3E002C23F2 /* RectDetailView.swift */; };
		69984B7D2BED7445002C23F2 /* TabViewRoot.swift in Sources */ = {isa = PBXBuildFile; fileRef = 69984B7C2BED7445002C23F2 /* TabViewRoot.swift */; };
		69D583742C39A46900084C5E /* OverView.swift in Sources */ = {isa = PBXBuildFile; fileRef = 69D583732C39A46900084C5E /* OverView.swift */; };
		69D583762C39A4F100084C5E /* OverViewViewModel.swift in Sources */ = {isa = PBXBuildFile; fileRef = 69D583752C39A4F100084C5E /* OverViewViewModel.swift */; };
		69D5837A2C3DD84700084C5E /* WorkingDaysView.swift in Sources */ = {isa = PBXBuildFile; fileRef = 69D583792C3DD84700084C5E /* WorkingDaysView.swift */; };
/* End PBXBuildFile section */

/* Begin PBXFileReference section */
		69352EB52BBB2A3200B8A77B /* SingleRectangleView.swift */ = {isa = PBXFileReference; lastKnownFileType = sourcecode.swift; path = SingleRectangleView.swift; sourceTree = "<group>"; };
		69352EB72BBB2B7A00B8A77B /* RectanglesView.swift */ = {isa = PBXFileReference; lastKnownFileType = sourcecode.swift; path = RectanglesView.swift; sourceTree = "<group>"; };
		69352EB92BBB2C4B00B8A77B /* MainListCellView.swift */ = {isa = PBXFileReference; lastKnownFileType = sourcecode.swift; path = MainListCellView.swift; sourceTree = "<group>"; };
		69352EC12BBC248A00B8A77B /* EditJobViewModel.swift */ = {isa = PBXFileReference; lastKnownFileType = sourcecode.swift; path = EditJobViewModel.swift; sourceTree = "<group>"; };
		69352EC32BBC249300B8A77B /* NewJobViewModel.swift */ = {isa = PBXFileReference; lastKnownFileType = sourcecode.swift; path = NewJobViewModel.swift; sourceTree = "<group>"; };
		69352EC62BBD6DAC00B8A77B /* NetworkManager.swift */ = {isa = PBXFileReference; lastKnownFileType = sourcecode.swift; path = NetworkManager.swift; sourceTree = "<group>"; };
		69352EC82BBD6FC100B8A77B /* CompanyInfo.swift */ = {isa = PBXFileReference; lastKnownFileType = sourcecode.swift; path = CompanyInfo.swift; sourceTree = "<group>"; };
		69352ECA2BBD71EC00B8A77B /* NetworkHelpers.swift */ = {isa = PBXFileReference; lastKnownFileType = sourcecode.swift; path = NetworkHelpers.swift; sourceTree = "<group>"; };
		69352ECC2BBDA36900B8A77B /* LogoOptionsView.swift */ = {isa = PBXFileReference; lastKnownFileType = sourcecode.swift; path = LogoOptionsView.swift; sourceTree = "<group>"; };
		69352ECE2BBEBB6C00B8A77B /* LogoOptionsViewModel.swift */ = {isa = PBXFileReference; lastKnownFileType = sourcecode.swift; path = LogoOptionsViewModel.swift; sourceTree = "<group>"; };
		69352ED02BBF603100B8A77B /* EditTip.swift */ = {isa = PBXFileReference; lastKnownFileType = sourcecode.swift; path = EditTip.swift; sourceTree = "<group>"; };
		696208522B6A891B0045DD39 /* JobHelpers.swift */ = {isa = PBXFileReference; lastKnownFileType = sourcecode.swift; path = JobHelpers.swift; sourceTree = "<group>"; };
		696208542B6A8F620045DD39 /* JobsDebug.entitlements */ = {isa = PBXFileReference; lastKnownFileType = text.plist.entitlements; path = JobsDebug.entitlements; sourceTree = "<group>"; };
		696208552B6A8FE70045DD39 /* Info.plist */ = {isa = PBXFileReference; lastKnownFileType = text.plist; path = Info.plist; sourceTree = "<group>"; };
		696208562B6A98730045DD39 /* MainViewViewModel.swift */ = {isa = PBXFileReference; lastKnownFileType = sourcecode.swift; path = MainViewViewModel.swift; sourceTree = "<group>"; };
		6966B0DC2BB8DF7200BD3424 /* EmailHelper.swift */ = {isa = PBXFileReference; lastKnownFileType = sourcecode.swift; path = EmailHelper.swift; sourceTree = "<group>"; };
		698006742BB37DF9007C725E /* FloatingTextField.swift */ = {isa = PBXFileReference; lastKnownFileType = sourcecode.swift; path = FloatingTextField.swift; sourceTree = "<group>"; };
		699750C22B5ED2DC000EBCD1 /* Jobs.app */ = {isa = PBXFileReference; explicitFileType = wrapper.application; includeInIndex = 0; path = Jobs.app; sourceTree = BUILT_PRODUCTS_DIR; };
		699750C52B5ED2DC000EBCD1 /* JobsApp.swift */ = {isa = PBXFileReference; lastKnownFileType = sourcecode.swift; path = JobsApp.swift; sourceTree = "<group>"; };
		699750C72B5ED2DC000EBCD1 /* MainView.swift */ = {isa = PBXFileReference; lastKnownFileType = sourcecode.swift; path = MainView.swift; sourceTree = "<group>"; };
		699750C92B5ED2DD000EBCD1 /* Assets.xcassets */ = {isa = PBXFileReference; lastKnownFileType = folder.assetcatalog; path = Assets.xcassets; sourceTree = "<group>"; };
		699750CB2B5ED2DD000EBCD1 /* Jobs.entitlements */ = {isa = PBXFileReference; lastKnownFileType = text.plist.entitlements; path = Jobs.entitlements; sourceTree = "<group>"; };
		699750CD2B5ED2DD000EBCD1 /* Preview Assets.xcassets */ = {isa = PBXFileReference; lastKnownFileType = folder.assetcatalog; path = "Preview Assets.xcassets"; sourceTree = "<group>"; };
		699750D42B5FD7E1000EBCD1 /* Job.swift */ = {isa = PBXFileReference; lastKnownFileType = sourcecode.swift; path = Job.swift; sourceTree = "<group>"; };
		699750D62B5FF413000EBCD1 /* NewJobView.swift */ = {isa = PBXFileReference; lastKnownFileType = sourcecode.swift; path = NewJobView.swift; sourceTree = "<group>"; };
		699750D82B6007AD000EBCD1 /* EditJobView.swift */ = {isa = PBXFileReference; lastKnownFileType = sourcecode.swift; path = EditJobView.swift; sourceTree = "<group>"; };
		699750DA2B614E61000EBCD1 /* JobListView.swift */ = {isa = PBXFileReference; lastKnownFileType = sourcecode.swift; path = JobListView.swift; sourceTree = "<group>"; };
		69984B7A2BD9BD3E002C23F2 /* RectDetailView.swift */ = {isa = PBXFileReference; lastKnownFileType = sourcecode.swift; path = RectDetailView.swift; sourceTree = "<group>"; };
		69984B7C2BED7445002C23F2 /* TabViewRoot.swift */ = {isa = PBXFileReference; lastKnownFileType = sourcecode.swift; path = TabViewRoot.swift; sourceTree = "<group>"; };
		69D583732C39A46900084C5E /* OverView.swift */ = {isa = PBXFileReference; lastKnownFileType = sourcecode.swift; path = OverView.swift; sourceTree = "<group>"; };
		69D583752C39A4F100084C5E /* OverViewViewModel.swift */ = {isa = PBXFileReference; lastKnownFileType = sourcecode.swift; path = OverViewViewModel.swift; sourceTree = "<group>"; };
		69D583792C3DD84700084C5E /* WorkingDaysView.swift */ = {isa = PBXFileReference; lastKnownFileType = sourcecode.swift; path = WorkingDaysView.swift; sourceTree = "<group>"; };
/* End PBXFileReference section */

/* Begin PBXFrameworksBuildPhase section */
		699750BF2B5ED2DC000EBCD1 /* Frameworks */ = {
			isa = PBXFrameworksBuildPhase;
			buildActionMask = 2147483647;
			files = (
			);
			runOnlyForDeploymentPostprocessing = 0;
		};
/* End PBXFrameworksBuildPhase section */

/* Begin PBXGroup section */
		69352EBB2BBC23C000B8A77B /* Scenes */ = {
			isa = PBXGroup;
			children = (
				69352EBF2BBC242100B8A77B /* MainView */,
				69D583722C39A45900084C5E /* Overview */,
				69352EBD2BBC23E500B8A77B /* EditJob */,
				69352EBC2BBC23D900B8A77B /* NewJob */,
			);
			path = Scenes;
			sourceTree = "<group>";
		};
		69352EBC2BBC23D900B8A77B /* NewJob */ = {
			isa = PBXGroup;
			children = (
				699750D62B5FF413000EBCD1 /* NewJobView.swift */,
				69352EC32BBC249300B8A77B /* NewJobViewModel.swift */,
			);
			path = NewJob;
			sourceTree = "<group>";
		};
		69352EBD2BBC23E500B8A77B /* EditJob */ = {
			isa = PBXGroup;
			children = (
				699750D82B6007AD000EBCD1 /* EditJobView.swift */,
				69352EC12BBC248A00B8A77B /* EditJobViewModel.swift */,
				6975514F2C47E34700279021 /* Logo */,
			);
			path = EditJob;
			sourceTree = "<group>";
		};
		69352EBE2BBC23F400B8A77B /* InfoRectangles */ = {
			isa = PBXGroup;
			children = (
				69352EB52BBB2A3200B8A77B /* SingleRectangleView.swift */,
				69352EB72BBB2B7A00B8A77B /* RectanglesView.swift */,
				69984B7A2BD9BD3E002C23F2 /* RectDetailView.swift */,
			);
			path = InfoRectangles;
			sourceTree = "<group>";
		};
		69352EBF2BBC242100B8A77B /* MainView */ = {
			isa = PBXGroup;
			children = (
				699750C72B5ED2DC000EBCD1 /* MainView.swift */,
				699750DA2B614E61000EBCD1 /* JobListView.swift */,
				696208562B6A98730045DD39 /* MainViewViewModel.swift */,
				69352EB92BBB2C4B00B8A77B /* MainListCellView.swift */,
				69352EBE2BBC23F400B8A77B /* InfoRectangles */,
			);
			path = MainView;
			sourceTree = "<group>";
		};
		69352EC02BBC245100B8A77B /* Utils */ = {
			isa = PBXGroup;
			children = (
				698006742BB37DF9007C725E /* FloatingTextField.swift */,
				69352EC62BBD6DAC00B8A77B /* NetworkManager.swift */,
				69352ECA2BBD71EC00B8A77B /* NetworkHelpers.swift */,
				6966B0DC2BB8DF7200BD3424 /* EmailHelper.swift */,
				696208522B6A891B0045DD39 /* JobHelpers.swift */,
				69D583792C3DD84700084C5E /* WorkingDaysView.swift */,
			);
			path = Utils;
			sourceTree = "<group>";
		};
		69352EC52BBC695000B8A77B /* Model */ = {
			isa = PBXGroup;
			children = (
				699750D42B5FD7E1000EBCD1 /* Job.swift */,
				69352ED02BBF603100B8A77B /* EditTip.swift */,
				69352EC82BBD6FC100B8A77B /* CompanyInfo.swift */,
			);
			path = Model;
			sourceTree = "<group>";
		};
		6975514F2C47E34700279021 /* Logo */ = {
			isa = PBXGroup;
			children = (
				69352ECC2BBDA36900B8A77B /* LogoOptionsView.swift */,
				69352ECE2BBEBB6C00B8A77B /* LogoOptionsViewModel.swift */,
			);
			path = Logo;
			sourceTree = "<group>";
		};
		699750B92B5ED2DC000EBCD1 = {
			isa = PBXGroup;
			children = (
				699750C42B5ED2DC000EBCD1 /* Jobs */,
				699750C32B5ED2DC000EBCD1 /* Products */,
			);
			sourceTree = "<group>";
		};
		699750C32B5ED2DC000EBCD1 /* Products */ = {
			isa = PBXGroup;
			children = (
				699750C22B5ED2DC000EBCD1 /* Jobs.app */,
			);
			name = Products;
			sourceTree = "<group>";
		};
		699750C42B5ED2DC000EBCD1 /* Jobs */ = {
			isa = PBXGroup;
			children = (
				696208552B6A8FE70045DD39 /* Info.plist */,
				696208542B6A8F620045DD39 /* JobsDebug.entitlements */,
				699750C52B5ED2DC000EBCD1 /* JobsApp.swift */,
				69984B7C2BED7445002C23F2 /* TabViewRoot.swift */,
				69352EC52BBC695000B8A77B /* Model */,
				69352EBB2BBC23C000B8A77B /* Scenes */,
				69352EC02BBC245100B8A77B /* Utils */,
				699750C92B5ED2DD000EBCD1 /* Assets.xcassets */,
				699750CB2B5ED2DD000EBCD1 /* Jobs.entitlements */,
				699750CC2B5ED2DD000EBCD1 /* Preview Content */,
			);
			path = Jobs;
			sourceTree = "<group>";
		};
		699750CC2B5ED2DD000EBCD1 /* Preview Content */ = {
			isa = PBXGroup;
			children = (
				699750CD2B5ED2DD000EBCD1 /* Preview Assets.xcassets */,
			);
			path = "Preview Content";
			sourceTree = "<group>";
		};
		69D583722C39A45900084C5E /* Overview */ = {
			isa = PBXGroup;
			children = (
				69D583732C39A46900084C5E /* OverView.swift */,
				69D583752C39A4F100084C5E /* OverViewViewModel.swift */,
			);
			path = Overview;
			sourceTree = "<group>";
		};
/* End PBXGroup section */

/* Begin PBXNativeTarget section */
		699750C12B5ED2DC000EBCD1 /* Jobs */ = {
			isa = PBXNativeTarget;
			buildConfigurationList = 699750D12B5ED2DD000EBCD1 /* Build configuration list for PBXNativeTarget "Jobs" */;
			buildPhases = (
				699750BE2B5ED2DC000EBCD1 /* Sources */,
				699750BF2B5ED2DC000EBCD1 /* Frameworks */,
				699750C02B5ED2DC000EBCD1 /* Resources */,
			);
			buildRules = (
			);
			dependencies = (
			);
			name = Jobs;
			productName = Jobs;
			productReference = 699750C22B5ED2DC000EBCD1 /* Jobs.app */;
			productType = "com.apple.product-type.application";
		};
/* End PBXNativeTarget section */

/* Begin PBXProject section */
		699750BA2B5ED2DC000EBCD1 /* Project object */ = {
			isa = PBXProject;
			attributes = {
				BuildIndependentTargetsInParallel = 1;
				LastSwiftUpdateCheck = 1510;
				LastUpgradeCheck = 1530;
				TargetAttributes = {
					699750C12B5ED2DC000EBCD1 = {
						CreatedOnToolsVersion = 15.1;
					};
				};
			};
			buildConfigurationList = 699750BD2B5ED2DC000EBCD1 /* Build configuration list for PBXProject "Jobs" */;
			compatibilityVersion = "Xcode 14.0";
			developmentRegion = en;
			hasScannedForEncodings = 0;
			knownRegions = (
				en,
				Base,
			);
			mainGroup = 699750B92B5ED2DC000EBCD1;
			productRefGroup = 699750C32B5ED2DC000EBCD1 /* Products */;
			projectDirPath = "";
			projectRoot = "";
			targets = (
				699750C12B5ED2DC000EBCD1 /* Jobs */,
			);
		};
/* End PBXProject section */

/* Begin PBXResourcesBuildPhase section */
		699750C02B5ED2DC000EBCD1 /* Resources */ = {
			isa = PBXResourcesBuildPhase;
			buildActionMask = 2147483647;
			files = (
				699750CE2B5ED2DD000EBCD1 /* Preview Assets.xcassets in Resources */,
				699750CA2B5ED2DD000EBCD1 /* Assets.xcassets in Resources */,
			);
			runOnlyForDeploymentPostprocessing = 0;
		};
/* End PBXResourcesBuildPhase section */

/* Begin PBXSourcesBuildPhase section */
		699750BE2B5ED2DC000EBCD1 /* Sources */ = {
			isa = PBXSourcesBuildPhase;
			buildActionMask = 2147483647;
			files = (
				69D583742C39A46900084C5E /* OverView.swift in Sources */,
				699750D92B6007AD000EBCD1 /* EditJobView.swift in Sources */,
				69352EC92BBD6FC100B8A77B /* CompanyInfo.swift in Sources */,
				696208532B6A891B0045DD39 /* JobHelpers.swift in Sources */,
				69352EC22BBC248A00B8A77B /* EditJobViewModel.swift in Sources */,
				69352EC42BBC249300B8A77B /* NewJobViewModel.swift in Sources */,
				69352EC72BBD6DAC00B8A77B /* NetworkManager.swift in Sources */,
				69352ECB2BBD71EC00B8A77B /* NetworkHelpers.swift in Sources */,
				69984B7B2BD9BD3E002C23F2 /* RectDetailView.swift in Sources */,
				69352EB62BBB2A3200B8A77B /* SingleRectangleView.swift in Sources */,
				696208572B6A98730045DD39 /* MainViewViewModel.swift in Sources */,
				69352ECD2BBDA36900B8A77B /* LogoOptionsView.swift in Sources */,
				69352EBA2BBB2C4B00B8A77B /* MainListCellView.swift in Sources */,
				69D5837A2C3DD84700084C5E /* WorkingDaysView.swift in Sources */,
				699750C82B5ED2DC000EBCD1 /* MainView.swift in Sources */,
				6966B0DD2BB8DF7200BD3424 /* EmailHelper.swift in Sources */,
				69352EB82BBB2B7A00B8A77B /* RectanglesView.swift in Sources */,
				698006752BB37DF9007C725E /* FloatingTextField.swift in Sources */,
				699750DB2B614E61000EBCD1 /* JobListView.swift in Sources */,
				699750D52B5FD7E1000EBCD1 /* Job.swift in Sources */,
				699750C62B5ED2DC000EBCD1 /* JobsApp.swift in Sources */,
				69352ECF2BBEBB6C00B8A77B /* LogoOptionsViewModel.swift in Sources */,
				69984B7D2BED7445002C23F2 /* TabViewRoot.swift in Sources */,
				69352ED12BBF603100B8A77B /* EditTip.swift in Sources */,
				69D583762C39A4F100084C5E /* OverViewViewModel.swift in Sources */,
				699750D72B5FF413000EBCD1 /* NewJobView.swift in Sources */,
			);
			runOnlyForDeploymentPostprocessing = 0;
		};
/* End PBXSourcesBuildPhase section */

/* Begin XCBuildConfiguration section */
		699750CF2B5ED2DD000EBCD1 /* Debug */ = {
			isa = XCBuildConfiguration;
			buildSettings = {
				ALWAYS_SEARCH_USER_PATHS = NO;
				ASSETCATALOG_COMPILER_GENERATE_SWIFT_ASSET_SYMBOL_EXTENSIONS = YES;
				CLANG_ANALYZER_NONNULL = YES;
				CLANG_ANALYZER_NUMBER_OBJECT_CONVERSION = YES_AGGRESSIVE;
				CLANG_CXX_LANGUAGE_STANDARD = "gnu++20";
				CLANG_ENABLE_MODULES = YES;
				CLANG_ENABLE_OBJC_ARC = YES;
				CLANG_ENABLE_OBJC_WEAK = YES;
				CLANG_WARN_BLOCK_CAPTURE_AUTORELEASING = YES;
				CLANG_WARN_BOOL_CONVERSION = YES;
				CLANG_WARN_COMMA = YES;
				CLANG_WARN_CONSTANT_CONVERSION = YES;
				CLANG_WARN_DEPRECATED_OBJC_IMPLEMENTATIONS = YES;
				CLANG_WARN_DIRECT_OBJC_ISA_USAGE = YES_ERROR;
				CLANG_WARN_DOCUMENTATION_COMMENTS = YES;
				CLANG_WARN_EMPTY_BODY = YES;
				CLANG_WARN_ENUM_CONVERSION = YES;
				CLANG_WARN_INFINITE_RECURSION = YES;
				CLANG_WARN_INT_CONVERSION = YES;
				CLANG_WARN_NON_LITERAL_NULL_CONVERSION = YES;
				CLANG_WARN_OBJC_IMPLICIT_RETAIN_SELF = YES;
				CLANG_WARN_OBJC_LITERAL_CONVERSION = YES;
				CLANG_WARN_OBJC_ROOT_CLASS = YES_ERROR;
				CLANG_WARN_QUOTED_INCLUDE_IN_FRAMEWORK_HEADER = YES;
				CLANG_WARN_RANGE_LOOP_ANALYSIS = YES;
				CLANG_WARN_STRICT_PROTOTYPES = YES;
				CLANG_WARN_SUSPICIOUS_MOVE = YES;
				CLANG_WARN_UNGUARDED_AVAILABILITY = YES_AGGRESSIVE;
				CLANG_WARN_UNREACHABLE_CODE = YES;
				CLANG_WARN__DUPLICATE_METHOD_MATCH = YES;
				COPY_PHASE_STRIP = NO;
				DEAD_CODE_STRIPPING = YES;
				DEBUG_INFORMATION_FORMAT = dwarf;
				ENABLE_STRICT_OBJC_MSGSEND = YES;
				ENABLE_TESTABILITY = YES;
				ENABLE_USER_SCRIPT_SANDBOXING = YES;
				GCC_C_LANGUAGE_STANDARD = gnu17;
				GCC_DYNAMIC_NO_PIC = NO;
				GCC_NO_COMMON_BLOCKS = YES;
				GCC_OPTIMIZATION_LEVEL = 0;
				GCC_PREPROCESSOR_DEFINITIONS = (
					"DEBUG=1",
					"$(inherited)",
				);
				GCC_WARN_64_TO_32_BIT_CONVERSION = YES;
				GCC_WARN_ABOUT_RETURN_TYPE = YES_ERROR;
				GCC_WARN_UNDECLARED_SELECTOR = YES;
				GCC_WARN_UNINITIALIZED_AUTOS = YES_AGGRESSIVE;
				GCC_WARN_UNUSED_FUNCTION = YES;
				GCC_WARN_UNUSED_VARIABLE = YES;
				LOCALIZATION_PREFERS_STRING_CATALOGS = YES;
				MTL_ENABLE_DEBUG_INFO = INCLUDE_SOURCE;
				MTL_FAST_MATH = YES;
				ONLY_ACTIVE_ARCH = YES;
				SWIFT_ACTIVE_COMPILATION_CONDITIONS = "DEBUG $(inherited)";
				SWIFT_OPTIMIZATION_LEVEL = "-Onone";
			};
			name = Debug;
		};
		699750D02B5ED2DD000EBCD1 /* Release */ = {
			isa = XCBuildConfiguration;
			buildSettings = {
				ALWAYS_SEARCH_USER_PATHS = NO;
				ASSETCATALOG_COMPILER_GENERATE_SWIFT_ASSET_SYMBOL_EXTENSIONS = YES;
				CLANG_ANALYZER_NONNULL = YES;
				CLANG_ANALYZER_NUMBER_OBJECT_CONVERSION = YES_AGGRESSIVE;
				CLANG_CXX_LANGUAGE_STANDARD = "gnu++20";
				CLANG_ENABLE_MODULES = YES;
				CLANG_ENABLE_OBJC_ARC = YES;
				CLANG_ENABLE_OBJC_WEAK = YES;
				CLANG_WARN_BLOCK_CAPTURE_AUTORELEASING = YES;
				CLANG_WARN_BOOL_CONVERSION = YES;
				CLANG_WARN_COMMA = YES;
				CLANG_WARN_CONSTANT_CONVERSION = YES;
				CLANG_WARN_DEPRECATED_OBJC_IMPLEMENTATIONS = YES;
				CLANG_WARN_DIRECT_OBJC_ISA_USAGE = YES_ERROR;
				CLANG_WARN_DOCUMENTATION_COMMENTS = YES;
				CLANG_WARN_EMPTY_BODY = YES;
				CLANG_WARN_ENUM_CONVERSION = YES;
				CLANG_WARN_INFINITE_RECURSION = YES;
				CLANG_WARN_INT_CONVERSION = YES;
				CLANG_WARN_NON_LITERAL_NULL_CONVERSION = YES;
				CLANG_WARN_OBJC_IMPLICIT_RETAIN_SELF = YES;
				CLANG_WARN_OBJC_LITERAL_CONVERSION = YES;
				CLANG_WARN_OBJC_ROOT_CLASS = YES_ERROR;
				CLANG_WARN_QUOTED_INCLUDE_IN_FRAMEWORK_HEADER = YES;
				CLANG_WARN_RANGE_LOOP_ANALYSIS = YES;
				CLANG_WARN_STRICT_PROTOTYPES = YES;
				CLANG_WARN_SUSPICIOUS_MOVE = YES;
				CLANG_WARN_UNGUARDED_AVAILABILITY = YES_AGGRESSIVE;
				CLANG_WARN_UNREACHABLE_CODE = YES;
				CLANG_WARN__DUPLICATE_METHOD_MATCH = YES;
				COPY_PHASE_STRIP = NO;
				DEAD_CODE_STRIPPING = YES;
				DEBUG_INFORMATION_FORMAT = "dwarf-with-dsym";
				ENABLE_NS_ASSERTIONS = NO;
				ENABLE_STRICT_OBJC_MSGSEND = YES;
				ENABLE_USER_SCRIPT_SANDBOXING = YES;
				GCC_C_LANGUAGE_STANDARD = gnu17;
				GCC_NO_COMMON_BLOCKS = YES;
				GCC_WARN_64_TO_32_BIT_CONVERSION = YES;
				GCC_WARN_ABOUT_RETURN_TYPE = YES_ERROR;
				GCC_WARN_UNDECLARED_SELECTOR = YES;
				GCC_WARN_UNINITIALIZED_AUTOS = YES_AGGRESSIVE;
				GCC_WARN_UNUSED_FUNCTION = YES;
				GCC_WARN_UNUSED_VARIABLE = YES;
				LOCALIZATION_PREFERS_STRING_CATALOGS = YES;
				MTL_ENABLE_DEBUG_INFO = NO;
				MTL_FAST_MATH = YES;
				SWIFT_COMPILATION_MODE = wholemodule;
			};
			name = Release;
		};
		699750D22B5ED2DD000EBCD1 /* Debug */ = {
			isa = XCBuildConfiguration;
			buildSettings = {
				ASSETCATALOG_COMPILER_APPICON_NAME = AppIcon;
				ASSETCATALOG_COMPILER_GLOBAL_ACCENT_COLOR_NAME = AccentColor;
				CODE_SIGN_ENTITLEMENTS = Jobs/JobsDebug.entitlements;
				CODE_SIGN_STYLE = Automatic;
				CURRENT_PROJECT_VERSION = 1;
				DEAD_CODE_STRIPPING = YES;
				DEVELOPMENT_ASSET_PATHS = "\"Jobs/Preview Content\"";
				DEVELOPMENT_TEAM = 9FVDFCLP22;
				ENABLE_HARDENED_RUNTIME = YES;
				ENABLE_PREVIEWS = YES;
				GENERATE_INFOPLIST_FILE = YES;
				INFOPLIST_FILE = Jobs/Info.plist;
				INFOPLIST_KEY_NSCalendarsUsageDescription = "";
				"INFOPLIST_KEY_UIApplicationSceneManifest_Generation[sdk=iphoneos*]" = YES;
				"INFOPLIST_KEY_UIApplicationSceneManifest_Generation[sdk=iphonesimulator*]" = YES;
				"INFOPLIST_KEY_UIApplicationSupportsIndirectInputEvents[sdk=iphoneos*]" = YES;
				"INFOPLIST_KEY_UIApplicationSupportsIndirectInputEvents[sdk=iphonesimulator*]" = YES;
				"INFOPLIST_KEY_UILaunchScreen_Generation[sdk=iphoneos*]" = YES;
				"INFOPLIST_KEY_UILaunchScreen_Generation[sdk=iphonesimulator*]" = YES;
				"INFOPLIST_KEY_UIStatusBarStyle[sdk=iphoneos*]" = UIStatusBarStyleDefault;
				"INFOPLIST_KEY_UIStatusBarStyle[sdk=iphonesimulator*]" = UIStatusBarStyleDefault;
				INFOPLIST_KEY_UISupportedInterfaceOrientations_iPad = "UIInterfaceOrientationPortrait UIInterfaceOrientationPortraitUpsideDown UIInterfaceOrientationLandscapeLeft UIInterfaceOrientationLandscapeRight";
				INFOPLIST_KEY_UISupportedInterfaceOrientations_iPhone = "UIInterfaceOrientationPortrait UIInterfaceOrientationLandscapeLeft UIInterfaceOrientationLandscapeRight";
				IPHONEOS_DEPLOYMENT_TARGET = 17.2;
				LD_RUNPATH_SEARCH_PATHS = "@executable_path/Frameworks";
				"LD_RUNPATH_SEARCH_PATHS[sdk=macosx*]" = "@executable_path/../Frameworks";
				MACOSX_DEPLOYMENT_TARGET = 14.0;
				MARKETING_VERSION = 1.0;
				PRODUCT_BUNDLE_IDENTIFIER = com.RuiSilva.Jobs;
				PRODUCT_NAME = "$(TARGET_NAME)";
				SDKROOT = auto;
				SUPPORTED_PLATFORMS = "iphoneos iphonesimulator macosx";
				SWIFT_EMIT_LOC_STRINGS = YES;
				SWIFT_VERSION = 5.0;
				TARGETED_DEVICE_FAMILY = "1,2";
			};
			name = Debug;
		};
		699750D32B5ED2DD000EBCD1 /* Release */ = {
			isa = XCBuildConfiguration;
			buildSettings = {
				ASSETCATALOG_COMPILER_APPICON_NAME = AppIcon;
				ASSETCATALOG_COMPILER_GLOBAL_ACCENT_COLOR_NAME = AccentColor;
				CODE_SIGN_ENTITLEMENTS = Jobs/Jobs.entitlements;
				CODE_SIGN_STYLE = Automatic;
				CURRENT_PROJECT_VERSION = 1;
				DEAD_CODE_STRIPPING = YES;
				DEVELOPMENT_ASSET_PATHS = "\"Jobs/Preview Content\"";
				DEVELOPMENT_TEAM = 9FVDFCLP22;
				ENABLE_HARDENED_RUNTIME = YES;
				ENABLE_PREVIEWS = YES;
				GENERATE_INFOPLIST_FILE = YES;
				INFOPLIST_FILE = Jobs/Info.plist;
				INFOPLIST_KEY_NSCalendarsUsageDescription = "";
				"INFOPLIST_KEY_UIApplicationSceneManifest_Generation[sdk=iphoneos*]" = YES;
				"INFOPLIST_KEY_UIApplicationSceneManifest_Generation[sdk=iphonesimulator*]" = YES;
				"INFOPLIST_KEY_UIApplicationSupportsIndirectInputEvents[sdk=iphoneos*]" = YES;
				"INFOPLIST_KEY_UIApplicationSupportsIndirectInputEvents[sdk=iphonesimulator*]" = YES;
				"INFOPLIST_KEY_UILaunchScreen_Generation[sdk=iphoneos*]" = YES;
				"INFOPLIST_KEY_UILaunchScreen_Generation[sdk=iphonesimulator*]" = YES;
				"INFOPLIST_KEY_UIStatusBarStyle[sdk=iphoneos*]" = UIStatusBarStyleDefault;
				"INFOPLIST_KEY_UIStatusBarStyle[sdk=iphonesimulator*]" = UIStatusBarStyleDefault;
				INFOPLIST_KEY_UISupportedInterfaceOrientations_iPad = "UIInterfaceOrientationPortrait UIInterfaceOrientationPortraitUpsideDown UIInterfaceOrientationLandscapeLeft UIInterfaceOrientationLandscapeRight";
				INFOPLIST_KEY_UISupportedInterfaceOrientations_iPhone = "UIInterfaceOrientationPortrait UIInterfaceOrientationLandscapeLeft UIInterfaceOrientationLandscapeRight";
				IPHONEOS_DEPLOYMENT_TARGET = 17.2;
				LD_RUNPATH_SEARCH_PATHS = "@executable_path/Frameworks";
				"LD_RUNPATH_SEARCH_PATHS[sdk=macosx*]" = "@executable_path/../Frameworks";
				MACOSX_DEPLOYMENT_TARGET = 14.0;
				MARKETING_VERSION = 1.0;
				PRODUCT_BUNDLE_IDENTIFIER = com.RuiSilva.Jobs;
				PRODUCT_NAME = "$(TARGET_NAME)";
				SDKROOT = auto;
				SUPPORTED_PLATFORMS = "iphoneos iphonesimulator macosx";
				SWIFT_EMIT_LOC_STRINGS = YES;
				SWIFT_VERSION = 5.0;
				TARGETED_DEVICE_FAMILY = "1,2";
			};
			name = Release;
		};
/* End XCBuildConfiguration section */

/* Begin XCConfigurationList section */
		699750BD2B5ED2DC000EBCD1 /* Build configuration list for PBXProject "Jobs" */ = {
			isa = XCConfigurationList;
			buildConfigurations = (
				699750CF2B5ED2DD000EBCD1 /* Debug */,
				699750D02B5ED2DD000EBCD1 /* Release */,
			);
			defaultConfigurationIsVisible = 0;
			defaultConfigurationName = Release;
		};
		699750D12B5ED2DD000EBCD1 /* Build configuration list for PBXNativeTarget "Jobs" */ = {
			isa = XCConfigurationList;
			buildConfigurations = (
				699750D22B5ED2DD000EBCD1 /* Debug */,
				699750D32B5ED2DD000EBCD1 /* Release */,
			);
			defaultConfigurationIsVisible = 0;
			defaultConfigurationName = Release;
		};
/* End XCConfigurationList section */
	};
	rootObject = 699750BA2B5ED2DC000EBCD1 /* Project object */;
}
