// !$*UTF8*$!
{
	archiveVersion = 1;
	classes = {
	};
	objectVersion = 73;
	objects = {

/* Begin PBXBuildFile section */
		692ABA492D405A5E00C54CF7 /* ShareJobExtension.appex in Embed Foundation Extensions */ = {isa = PBXBuildFile; fileRef = 692ABA3F2D405A5E00C54CF7 /* ShareJobExtension.appex */; settings = {ATTRIBUTES = (RemoveHeadersOnCopy, ); }; };
		693013442D4AE62E00B38851 /* SDWebImageSwiftUI in Frameworks */ = {isa = PBXBuildFile; productRef = 693013432D4AE62E00B38851 /* SDWebImageSwiftUI */; };
		69352EB62BBB2A3200B8A77B /* SingleRectangleView.swift in Sources */ = {isa = PBXBuildFile; fileRef = 69352EB52BBB2A3200B8A77B /* SingleRectangleView.swift */; };
		69352EB82BBB2B7A00B8A77B /* RectanglesView.swift in Sources */ = {isa = PBXBuildFile; fileRef = 69352EB72BBB2B7A00B8A77B /* RectanglesView.swift */; };
		69352EBA2BBB2C4B00B8A77B /* MainListCellView.swift in Sources */ = {isa = PBXBuildFile; fileRef = 69352EB92BBB2C4B00B8A77B /* MainListCellView.swift */; };
		69352EC22BBC248A00B8A77B /* EditJobViewModel.swift in Sources */ = {isa = PBXBuildFile; fileRef = 69352EC12BBC248A00B8A77B /* EditJobViewModel.swift */; };
		69352EC42BBC249300B8A77B /* NewJobViewModel.swift in Sources */ = {isa = PBXBuildFile; fileRef = 69352EC32BBC249300B8A77B /* NewJobViewModel.swift */; };
		69352EC72BBD6DAC00B8A77B /* NetworkManager.swift in Sources */ = {isa = PBXBuildFile; fileRef = 69352EC62BBD6DAC00B8A77B /* NetworkManager.swift */; };
		69352EC92BBD6FC100B8A77B /* CompanyInfo.swift in Sources */ = {isa = PBXBuildFile; fileRef = 69352EC82BBD6FC100B8A77B /* CompanyInfo.swift */; };
		69352ECB2BBD71EC00B8A77B /* NetworkHelpers.swift in Sources */ = {isa = PBXBuildFile; fileRef = 69352ECA2BBD71EC00B8A77B /* NetworkHelpers.swift */; };
		69352ECD2BBDA36900B8A77B /* LogoOptionsView.swift in Sources */ = {isa = PBXBuildFile; fileRef = 69352ECC2BBDA36900B8A77B /* LogoOptionsView.swift */; };
		69352ECF2BBEBB6C00B8A77B /* LogoOptionsViewModel.swift in Sources */ = {isa = PBXBuildFile; fileRef = 69352ECE2BBEBB6C00B8A77B /* LogoOptionsViewModel.swift */; };
		69352ED12BBF603100B8A77B /* EditTip.swift in Sources */ = {isa = PBXBuildFile; fileRef = 69352ED02BBF603100B8A77B /* EditTip.swift */; };
		693AD1962D42C1B20059686E /* Job.swift in Sources */ = {isa = PBXBuildFile; fileRef = 693AD18F2D41800F0059686E /* Job.swift */; };
		693AD1972D42C1B90059686E /* JobHelpers.swift in Sources */ = {isa = PBXBuildFile; fileRef = 693AD18E2D41800F0059686E /* JobHelpers.swift */; };
		693AD1982D42C25F0059686E /* Job.swift in Sources */ = {isa = PBXBuildFile; fileRef = 693AD18F2D41800F0059686E /* Job.swift */; };
		693AD1992D42C25F0059686E /* JobHelpers.swift in Sources */ = {isa = PBXBuildFile; fileRef = 693AD18E2D41800F0059686E /* JobHelpers.swift */; };
		693AD19A2D42C44A0059686E /* DependencyContainer.swift in Sources */ = {isa = PBXBuildFile; fileRef = 69F725BA2CDCFEB10064C999 /* DependencyContainer.swift */; };
		693AD19B2D42C46D0059686E /* NetworkManager.swift in Sources */ = {isa = PBXBuildFile; fileRef = 69352EC62BBD6DAC00B8A77B /* NetworkManager.swift */; };
		693AD19C2D42C46D0059686E /* CalendarManager.swift in Sources */ = {isa = PBXBuildFile; fileRef = 69F725B32CDBFD710064C999 /* CalendarManager.swift */; };
		693AD19D2D42C46D0059686E /* LocalNotificationsManager.swift in Sources */ = {isa = PBXBuildFile; fileRef = 69F725B52CDBFFA30064C999 /* LocalNotificationsManager.swift */; };
		693AD19E2D42C4920059686E /* CompanyInfo.swift in Sources */ = {isa = PBXBuildFile; fileRef = 69352EC82BBD6FC100B8A77B /* CompanyInfo.swift */; };
		693AD19F2D42C4920059686E /* OnlineJob.swift in Sources */ = {isa = PBXBuildFile; fileRef = 69F167FE2D3ECC5C001F06CC /* OnlineJob.swift */; };
		693AD1A02D42C49D0059686E /* NetworkHelpers.swift in Sources */ = {isa = PBXBuildFile; fileRef = 69352ECA2BBD71EC00B8A77B /* NetworkHelpers.swift */; };
		693AD1A22D42C4C20059686E /* Factory in Frameworks */ = {isa = PBXBuildFile; productRef = 693AD1A12D42C4C20059686E /* Factory */; };
		693AD1A32D42C5AE0059686E /* BaseViewModel.swift in Sources */ = {isa = PBXBuildFile; fileRef = 69F2F7822D35645B008B20D5 /* BaseViewModel.swift */; };
		693AD1A42D42E3F60059686E /* NewJobView.swift in Sources */ = {isa = PBXBuildFile; fileRef = 699750D62B5FF413000EBCD1 /* NewJobView.swift */; };
		693AD1A52D42E4180059686E /* NewJobViewModel.swift in Sources */ = {isa = PBXBuildFile; fileRef = 69352EC32BBC249300B8A77B /* NewJobViewModel.swift */; };
		693AD1A62D42E42F0059686E /* TextfieldWithSFSymbol.swift in Sources */ = {isa = PBXBuildFile; fileRef = 698006742BB37DF9007C725E /* TextfieldWithSFSymbol.swift */; };
		693AD1A72D42E4430059686E /* WorkingDaysView.swift in Sources */ = {isa = PBXBuildFile; fileRef = 69D583792C3DD84700084C5E /* WorkingDaysView.swift */; };
		693AD1AA2D4705C10059686E /* CellBackgroundModifiers.swift in Sources */ = {isa = PBXBuildFile; fileRef = 6974A10F2C8E495900570472 /* CellBackgroundModifiers.swift */; };
		696208572B6A98730045DD39 /* MainViewViewModel.swift in Sources */ = {isa = PBXBuildFile; fileRef = 696208562B6A98730045DD39 /* MainViewViewModel.swift */; };
		6966B0DD2BB8DF7200BD3424 /* EmailHelper.swift in Sources */ = {isa = PBXBuildFile; fileRef = 6966B0DC2BB8DF7200BD3424 /* EmailHelper.swift */; };
		6974A1102C8E495900570472 /* CellBackgroundModifiers.swift in Sources */ = {isa = PBXBuildFile; fileRef = 6974A10F2C8E495900570472 /* CellBackgroundModifiers.swift */; };
		698006752BB37DF9007C725E /* TextfieldWithSFSymbol.swift in Sources */ = {isa = PBXBuildFile; fileRef = 698006742BB37DF9007C725E /* TextfieldWithSFSymbol.swift */; };
		699750C62B5ED2DC000EBCD1 /* JobsApp.swift in Sources */ = {isa = PBXBuildFile; fileRef = 699750C52B5ED2DC000EBCD1 /* JobsApp.swift */; };
		699750C82B5ED2DC000EBCD1 /* MainView.swift in Sources */ = {isa = PBXBuildFile; fileRef = 699750C72B5ED2DC000EBCD1 /* MainView.swift */; };
		699750CA2B5ED2DD000EBCD1 /* Assets.xcassets in Resources */ = {isa = PBXBuildFile; fileRef = 699750C92B5ED2DD000EBCD1 /* Assets.xcassets */; };
		699750CE2B5ED2DD000EBCD1 /* Preview Assets.xcassets in Resources */ = {isa = PBXBuildFile; fileRef = 699750CD2B5ED2DD000EBCD1 /* Preview Assets.xcassets */; };
		699750D72B5FF413000EBCD1 /* NewJobView.swift in Sources */ = {isa = PBXBuildFile; fileRef = 699750D62B5FF413000EBCD1 /* NewJobView.swift */; };
		699750D92B6007AD000EBCD1 /* EditJobView.swift in Sources */ = {isa = PBXBuildFile; fileRef = 699750D82B6007AD000EBCD1 /* EditJobView.swift */; };
		699750DB2B614E61000EBCD1 /* JobListView.swift in Sources */ = {isa = PBXBuildFile; fileRef = 699750DA2B614E61000EBCD1 /* JobListView.swift */; };
		69984B7B2BD9BD3E002C23F2 /* SingleJobStatusView.swift in Sources */ = {isa = PBXBuildFile; fileRef = 69984B7A2BD9BD3E002C23F2 /* SingleJobStatusView.swift */; };
		69984B7D2BED7445002C23F2 /* TabViewRoot.swift in Sources */ = {isa = PBXBuildFile; fileRef = 69984B7C2BED7445002C23F2 /* TabViewRoot.swift */; };
		69A9F1C92D49878E00652CB6 /* IdentifiableLocation.swift in Sources */ = {isa = PBXBuildFile; fileRef = 69A9F1C82D49878E00652CB6 /* IdentifiableLocation.swift */; };
		69A9F1CA2D49878E00652CB6 /* IdentifiableLocation.swift in Sources */ = {isa = PBXBuildFile; fileRef = 69A9F1C82D49878E00652CB6 /* IdentifiableLocation.swift */; };
		69A9F1CF2D4A3BC600652CB6 /* SearchableUITextView.swift in Sources */ = {isa = PBXBuildFile; fileRef = 69A9F1CE2D4A3BC600652CB6 /* SearchableUITextView.swift */; };
		69A9F1D42D4AE0F300652CB6 /* SDWebImageSwiftUI in Frameworks */ = {isa = PBXBuildFile; productRef = 69A9F1D32D4AE0F300652CB6 /* SDWebImageSwiftUI */; };
		69A9F1D62D4AE3C900652CB6 /* CachedImage.swift in Sources */ = {isa = PBXBuildFile; fileRef = 69A9F1D52D4AE3C900652CB6 /* CachedImage.swift */; };
		69A9F1D72D4AE3C900652CB6 /* CachedImage.swift in Sources */ = {isa = PBXBuildFile; fileRef = 69A9F1D52D4AE3C900652CB6 /* CachedImage.swift */; };
		69D583742C39A46900084C5E /* OverView.swift in Sources */ = {isa = PBXBuildFile; fileRef = 69D583732C39A46900084C5E /* OverView.swift */; };
		69D583762C39A4F100084C5E /* OverViewViewModel.swift in Sources */ = {isa = PBXBuildFile; fileRef = 69D583752C39A4F100084C5E /* OverViewViewModel.swift */; };
		69D5837A2C3DD84700084C5E /* WorkingDaysView.swift in Sources */ = {isa = PBXBuildFile; fileRef = 69D583792C3DD84700084C5E /* WorkingDaysView.swift */; };
		69F167FF2D3ECC5C001F06CC /* OnlineJob.swift in Sources */ = {isa = PBXBuildFile; fileRef = 69F167FE2D3ECC5C001F06CC /* OnlineJob.swift */; };
		69F168012D3EF3EF001F06CC /* OnlineJobsViewModel.swift in Sources */ = {isa = PBXBuildFile; fileRef = 69F168002D3EF3EF001F06CC /* OnlineJobsViewModel.swift */; };
		69F168032D3EF3FB001F06CC /* OnlineJobsView.swift in Sources */ = {isa = PBXBuildFile; fileRef = 69F168022D3EF3FB001F06CC /* OnlineJobsView.swift */; };
		69F2F7832D35645B008B20D5 /* BaseViewModel.swift in Sources */ = {isa = PBXBuildFile; fileRef = 69F2F7822D35645B008B20D5 /* BaseViewModel.swift */; };
		69F725B12CD8E8A50064C999 /* SettingsView.swift in Sources */ = {isa = PBXBuildFile; fileRef = 69F725B02CD8E8A50064C999 /* SettingsView.swift */; };
		69F725B42CDBFD710064C999 /* CalendarManager.swift in Sources */ = {isa = PBXBuildFile; fileRef = 69F725B32CDBFD710064C999 /* CalendarManager.swift */; };
		69F725B62CDBFFA30064C999 /* LocalNotificationsManager.swift in Sources */ = {isa = PBXBuildFile; fileRef = 69F725B52CDBFFA30064C999 /* LocalNotificationsManager.swift */; };
		69F725B92CDCFE510064C999 /* Factory in Frameworks */ = {isa = PBXBuildFile; productRef = 69F725B82CDCFE510064C999 /* Factory */; };
		69F725BB2CDCFEB10064C999 /* DependencyContainer.swift in Sources */ = {isa = PBXBuildFile; fileRef = 69F725BA2CDCFEB10064C999 /* DependencyContainer.swift */; };
/* End PBXBuildFile section */

/* Begin PBXContainerItemProxy section */
		692ABA472D405A5E00C54CF7 /* PBXContainerItemProxy */ = {
			isa = PBXContainerItemProxy;
			containerPortal = 699750BA2B5ED2DC000EBCD1 /* Project object */;
			proxyType = 1;
			remoteGlobalIDString = 692ABA3E2D405A5E00C54CF7;
			remoteInfo = ShareJobExtension;
		};
		69D00D3F2CE3CF330072DB4A /* PBXContainerItemProxy */ = {
			isa = PBXContainerItemProxy;
			containerPortal = 699750BA2B5ED2DC000EBCD1 /* Project object */;
			proxyType = 1;
			remoteGlobalIDString = 699750C12B5ED2DC000EBCD1;
			remoteInfo = Jobs;
		};
/* End PBXContainerItemProxy section */

/* Begin PBXCopyFilesBuildPhase section */
		692ABA522D405A6D00C54CF7 /* Embed Frameworks */ = {
			isa = PBXCopyFilesBuildPhase;
			buildActionMask = 2147483647;
			dstPath = "";
			dstSubfolderSpec = 10;
			files = (
			);
			name = "Embed Frameworks";
			runOnlyForDeploymentPostprocessing = 0;
		};
		697759262D3FDD8000773B8A /* Embed Foundation Extensions */ = {
			isa = PBXCopyFilesBuildPhase;
			buildActionMask = 2147483647;
			dstPath = "";
			dstSubfolderSpec = 13;
			files = (
				692ABA492D405A5E00C54CF7 /* ShareJobExtension.appex in Embed Foundation Extensions */,
			);
			name = "Embed Foundation Extensions";
			runOnlyForDeploymentPostprocessing = 0;
		};
		6977593E2D40168000773B8A /* Embed Frameworks */ = {
			isa = PBXCopyFilesBuildPhase;
			buildActionMask = 2147483647;
			dstPath = "";
			dstSubfolderSpec = 10;
			files = (
			);
			name = "Embed Frameworks";
			runOnlyForDeploymentPostprocessing = 0;
		};
/* End PBXCopyFilesBuildPhase section */

/* Begin PBXFileReference section */
		692ABA3F2D405A5E00C54CF7 /* ShareJobExtension.appex */ = {isa = PBXFileReference; explicitFileType = "wrapper.app-extension"; includeInIndex = 0; path = ShareJobExtension.appex; sourceTree = BUILT_PRODUCTS_DIR; };
		692ABA782D41354800C54CF7 /* SwiftUI.framework */ = {isa = PBXFileReference; lastKnownFileType = wrapper.framework; name = SwiftUI.framework; path = Platforms/iPhoneOS.platform/Developer/SDKs/iPhoneOS18.0.sdk/System/Library/Frameworks/SwiftUI.framework; sourceTree = DEVELOPER_DIR; };
		69352EB52BBB2A3200B8A77B /* SingleRectangleView.swift */ = {isa = PBXFileReference; lastKnownFileType = sourcecode.swift; path = SingleRectangleView.swift; sourceTree = "<group>"; };
		69352EB72BBB2B7A00B8A77B /* RectanglesView.swift */ = {isa = PBXFileReference; lastKnownFileType = sourcecode.swift; path = RectanglesView.swift; sourceTree = "<group>"; };
		69352EB92BBB2C4B00B8A77B /* MainListCellView.swift */ = {isa = PBXFileReference; lastKnownFileType = sourcecode.swift; path = MainListCellView.swift; sourceTree = "<group>"; };
		69352EC12BBC248A00B8A77B /* EditJobViewModel.swift */ = {isa = PBXFileReference; lastKnownFileType = sourcecode.swift; path = EditJobViewModel.swift; sourceTree = "<group>"; };
		69352EC32BBC249300B8A77B /* NewJobViewModel.swift */ = {isa = PBXFileReference; lastKnownFileType = sourcecode.swift; path = NewJobViewModel.swift; sourceTree = "<group>"; };
		69352EC62BBD6DAC00B8A77B /* NetworkManager.swift */ = {isa = PBXFileReference; lastKnownFileType = sourcecode.swift; path = NetworkManager.swift; sourceTree = "<group>"; };
		69352EC82BBD6FC100B8A77B /* CompanyInfo.swift */ = {isa = PBXFileReference; lastKnownFileType = sourcecode.swift; path = CompanyInfo.swift; sourceTree = "<group>"; };
		69352ECA2BBD71EC00B8A77B /* NetworkHelpers.swift */ = {isa = PBXFileReference; lastKnownFileType = sourcecode.swift; path = NetworkHelpers.swift; sourceTree = "<group>"; };
		69352ECC2BBDA36900B8A77B /* LogoOptionsView.swift */ = {isa = PBXFileReference; lastKnownFileType = sourcecode.swift; path = LogoOptionsView.swift; sourceTree = "<group>"; };
		69352ECE2BBEBB6C00B8A77B /* LogoOptionsViewModel.swift */ = {isa = PBXFileReference; lastKnownFileType = sourcecode.swift; path = LogoOptionsViewModel.swift; sourceTree = "<group>"; };
		69352ED02BBF603100B8A77B /* EditTip.swift */ = {isa = PBXFileReference; lastKnownFileType = sourcecode.swift; path = EditTip.swift; sourceTree = "<group>"; };
		693AD18E2D41800F0059686E /* JobHelpers.swift */ = {isa = PBXFileReference; lastKnownFileType = sourcecode.swift; path = JobHelpers.swift; sourceTree = "<group>"; };
		693AD18F2D41800F0059686E /* Job.swift */ = {isa = PBXFileReference; lastKnownFileType = sourcecode.swift; path = Job.swift; sourceTree = "<group>"; };
		696208542B6A8F620045DD39 /* JobsDebug.entitlements */ = {isa = PBXFileReference; lastKnownFileType = text.plist.entitlements; path = JobsDebug.entitlements; sourceTree = "<group>"; };
		696208552B6A8FE70045DD39 /* Info.plist */ = {isa = PBXFileReference; lastKnownFileType = text.plist; path = Info.plist; sourceTree = "<group>"; };
		696208562B6A98730045DD39 /* MainViewViewModel.swift */ = {isa = PBXFileReference; lastKnownFileType = sourcecode.swift; path = MainViewViewModel.swift; sourceTree = "<group>"; };
		6966B0DC2BB8DF7200BD3424 /* EmailHelper.swift */ = {isa = PBXFileReference; lastKnownFileType = sourcecode.swift; path = EmailHelper.swift; sourceTree = "<group>"; };
		6974A10F2C8E495900570472 /* CellBackgroundModifiers.swift */ = {isa = PBXFileReference; lastKnownFileType = sourcecode.swift; path = CellBackgroundModifiers.swift; sourceTree = "<group>"; };
		698006742BB37DF9007C725E /* TextfieldWithSFSymbol.swift */ = {isa = PBXFileReference; lastKnownFileType = sourcecode.swift; path = TextfieldWithSFSymbol.swift; sourceTree = "<group>"; };
		699750C22B5ED2DC000EBCD1 /* Jobs.app */ = {isa = PBXFileReference; explicitFileType = wrapper.application; includeInIndex = 0; path = Jobs.app; sourceTree = BUILT_PRODUCTS_DIR; };
		699750C52B5ED2DC000EBCD1 /* JobsApp.swift */ = {isa = PBXFileReference; lastKnownFileType = sourcecode.swift; path = JobsApp.swift; sourceTree = "<group>"; };
		699750C72B5ED2DC000EBCD1 /* MainView.swift */ = {isa = PBXFileReference; lastKnownFileType = sourcecode.swift; path = MainView.swift; sourceTree = "<group>"; };
		699750C92B5ED2DD000EBCD1 /* Assets.xcassets */ = {isa = PBXFileReference; lastKnownFileType = folder.assetcatalog; path = Assets.xcassets; sourceTree = "<group>"; };
		699750CB2B5ED2DD000EBCD1 /* Jobs.entitlements */ = {isa = PBXFileReference; lastKnownFileType = text.plist.entitlements; path = Jobs.entitlements; sourceTree = "<group>"; };
		699750CD2B5ED2DD000EBCD1 /* Preview Assets.xcassets */ = {isa = PBXFileReference; lastKnownFileType = folder.assetcatalog; path = "Preview Assets.xcassets"; sourceTree = "<group>"; };
		699750D62B5FF413000EBCD1 /* NewJobView.swift */ = {isa = PBXFileReference; lastKnownFileType = sourcecode.swift; path = NewJobView.swift; sourceTree = "<group>"; };
		699750D82B6007AD000EBCD1 /* EditJobView.swift */ = {isa = PBXFileReference; lastKnownFileType = sourcecode.swift; path = EditJobView.swift; sourceTree = "<group>"; };
		699750DA2B614E61000EBCD1 /* JobListView.swift */ = {isa = PBXFileReference; lastKnownFileType = sourcecode.swift; path = JobListView.swift; sourceTree = "<group>"; };
		69984B7A2BD9BD3E002C23F2 /* SingleJobStatusView.swift */ = {isa = PBXFileReference; lastKnownFileType = sourcecode.swift; path = SingleJobStatusView.swift; sourceTree = "<group>"; };
		69984B7C2BED7445002C23F2 /* TabViewRoot.swift */ = {isa = PBXFileReference; lastKnownFileType = sourcecode.swift; path = TabViewRoot.swift; sourceTree = "<group>"; };
		69A9F1C82D49878E00652CB6 /* IdentifiableLocation.swift */ = {isa = PBXFileReference; lastKnownFileType = sourcecode.swift; path = IdentifiableLocation.swift; sourceTree = "<group>"; };
		69A9F1CE2D4A3BC600652CB6 /* SearchableUITextView.swift */ = {isa = PBXFileReference; lastKnownFileType = sourcecode.swift; path = SearchableUITextView.swift; sourceTree = "<group>"; };
		69A9F1D52D4AE3C900652CB6 /* CachedImage.swift */ = {isa = PBXFileReference; lastKnownFileType = sourcecode.swift; path = CachedImage.swift; sourceTree = "<group>"; };
		69D00D3B2CE3CF330072DB4A /* JobsTests.xctest */ = {isa = PBXFileReference; explicitFileType = wrapper.cfbundle; includeInIndex = 0; path = JobsTests.xctest; sourceTree = BUILT_PRODUCTS_DIR; };
		69D583732C39A46900084C5E /* OverView.swift */ = {isa = PBXFileReference; lastKnownFileType = sourcecode.swift; path = OverView.swift; sourceTree = "<group>"; };
		69D583752C39A4F100084C5E /* OverViewViewModel.swift */ = {isa = PBXFileReference; lastKnownFileType = sourcecode.swift; path = OverViewViewModel.swift; sourceTree = "<group>"; };
		69D583792C3DD84700084C5E /* WorkingDaysView.swift */ = {isa = PBXFileReference; lastKnownFileType = sourcecode.swift; path = WorkingDaysView.swift; sourceTree = "<group>"; };
		69F167FE2D3ECC5C001F06CC /* OnlineJob.swift */ = {isa = PBXFileReference; lastKnownFileType = sourcecode.swift; path = OnlineJob.swift; sourceTree = "<group>"; };
		69F168002D3EF3EF001F06CC /* OnlineJobsViewModel.swift */ = {isa = PBXFileReference; lastKnownFileType = sourcecode.swift; path = OnlineJobsViewModel.swift; sourceTree = "<group>"; };
		69F168022D3EF3FB001F06CC /* OnlineJobsView.swift */ = {isa = PBXFileReference; lastKnownFileType = sourcecode.swift; path = OnlineJobsView.swift; sourceTree = "<group>"; };
		69F2F7822D35645B008B20D5 /* BaseViewModel.swift */ = {isa = PBXFileReference; lastKnownFileType = sourcecode.swift; path = BaseViewModel.swift; sourceTree = "<group>"; };
		69F725B02CD8E8A50064C999 /* SettingsView.swift */ = {isa = PBXFileReference; lastKnownFileType = sourcecode.swift; path = SettingsView.swift; sourceTree = "<group>"; };
		69F725B32CDBFD710064C999 /* CalendarManager.swift */ = {isa = PBXFileReference; lastKnownFileType = sourcecode.swift; path = CalendarManager.swift; sourceTree = "<group>"; };
		69F725B52CDBFFA30064C999 /* LocalNotificationsManager.swift */ = {isa = PBXFileReference; lastKnownFileType = sourcecode.swift; path = LocalNotificationsManager.swift; sourceTree = "<group>"; };
		69F725BA2CDCFEB10064C999 /* DependencyContainer.swift */ = {isa = PBXFileReference; lastKnownFileType = sourcecode.swift; path = DependencyContainer.swift; sourceTree = "<group>"; };
/* End PBXFileReference section */

/* Begin PBXFileSystemSynchronizedBuildFileExceptionSet section */
		692ABA4A2D405A5E00C54CF7 /* PBXFileSystemSynchronizedBuildFileExceptionSet */ = {
			isa = PBXFileSystemSynchronizedBuildFileExceptionSet;
			membershipExceptions = (
				Info.plist,
			);
			target = 692ABA3E2D405A5E00C54CF7 /* ShareJobExtension */;
		};
		693AD1A92D42F7230059686E /* PBXFileSystemSynchronizedBuildFileExceptionSet */ = {
			isa = PBXFileSystemSynchronizedBuildFileExceptionSet;
			membershipExceptions = (
				ShareExtensionViewModel.swift,
			);
			target = 699750C12B5ED2DC000EBCD1 /* Jobs */;
		};
/* End PBXFileSystemSynchronizedBuildFileExceptionSet section */

/* Begin PBXFileSystemSynchronizedGroupBuildPhaseMembershipExceptionSet section */
		692ABA572D4061EF00C54CF7 /* PBXFileSystemSynchronizedGroupBuildPhaseMembershipExceptionSet */ = {
			isa = PBXFileSystemSynchronizedGroupBuildPhaseMembershipExceptionSet;
			buildPhase = 692ABA3D2D405A5E00C54CF7 /* Resources */;
			membershipExceptions = (
				ShareViewController.swift,
			);
		};
/* End PBXFileSystemSynchronizedGroupBuildPhaseMembershipExceptionSet section */

/* Begin PBXFileSystemSynchronizedRootGroup section */
		692ABA402D405A5E00C54CF7 /* ShareJobExtension */ = {isa = PBXFileSystemSynchronizedRootGroup; exceptions = (693AD1A92D42F7230059686E /* PBXFileSystemSynchronizedBuildFileExceptionSet */, 692ABA4A2D405A5E00C54CF7 /* PBXFileSystemSynchronizedBuildFileExceptionSet */, 692ABA572D4061EF00C54CF7 /* PBXFileSystemSynchronizedGroupBuildPhaseMembershipExceptionSet */, ); explicitFileTypes = {}; explicitFolders = (); path = ShareJobExtension; sourceTree = "<group>"; };
		69D00D3C2CE3CF330072DB4A /* JobsTests */ = {isa = PBXFileSystemSynchronizedRootGroup; explicitFileTypes = {}; explicitFolders = (); path = JobsTests; sourceTree = "<group>"; };
/* End PBXFileSystemSynchronizedRootGroup section */

/* Begin PBXFrameworksBuildPhase section */
		692ABA3C2D405A5E00C54CF7 /* Frameworks */ = {
			isa = PBXFrameworksBuildPhase;
			buildActionMask = 2147483647;
			files = (
				693013442D4AE62E00B38851 /* SDWebImageSwiftUI in Frameworks */,
				693AD1A22D42C4C20059686E /* Factory in Frameworks */,
			);
			runOnlyForDeploymentPostprocessing = 0;
		};
		699750BF2B5ED2DC000EBCD1 /* Frameworks */ = {
			isa = PBXFrameworksBuildPhase;
			buildActionMask = 2147483647;
			files = (
				69A9F1D42D4AE0F300652CB6 /* SDWebImageSwiftUI in Frameworks */,
				69F725B92CDCFE510064C999 /* Factory in Frameworks */,
			);
			runOnlyForDeploymentPostprocessing = 0;
		};
		69D00D382CE3CF330072DB4A /* Frameworks */ = {
			isa = PBXFrameworksBuildPhase;
			buildActionMask = 2147483647;
			files = (
			);
			runOnlyForDeploymentPostprocessing = 0;
		};
/* End PBXFrameworksBuildPhase section */

/* Begin PBXGroup section */
		69352EBB2BBC23C000B8A77B /* Scenes */ = {
			isa = PBXGroup;
			children = (
				69F725BF2CDD02C30064C999 /* Shared */,
				69352EBF2BBC242100B8A77B /* MainView */,
				69D583722C39A45900084C5E /* Overview */,
				69F725B22CD8E8B10064C999 /* Settings */,
				69352EBD2BBC23E500B8A77B /* EditJob */,
				69352EBC2BBC23D900B8A77B /* NewJob */,
				69F168042D3EF62E001F06CC /* OnlineJob */,
			);
			path = Scenes;
			sourceTree = "<group>";
		};
		69352EBC2BBC23D900B8A77B /* NewJob */ = {
			isa = PBXGroup;
			children = (
				699750D62B5FF413000EBCD1 /* NewJobView.swift */,
				69352EC32BBC249300B8A77B /* NewJobViewModel.swift */,
			);
			path = NewJob;
			sourceTree = "<group>";
		};
		69352EBD2BBC23E500B8A77B /* EditJob */ = {
			isa = PBXGroup;
			children = (
				699750D82B6007AD000EBCD1 /* EditJobView.swift */,
				69352EC12BBC248A00B8A77B /* EditJobViewModel.swift */,
				6975514F2C47E34700279021 /* Logo */,
			);
			path = EditJob;
			sourceTree = "<group>";
		};
		69352EBE2BBC23F400B8A77B /* InfoRectangles */ = {
			isa = PBXGroup;
			children = (
				69352EB72BBB2B7A00B8A77B /* RectanglesView.swift */,
				69352EB52BBB2A3200B8A77B /* SingleRectangleView.swift */,
			);
			path = InfoRectangles;
			sourceTree = "<group>";
		};
		69352EBF2BBC242100B8A77B /* MainView */ = {
			isa = PBXGroup;
			children = (
				699750C72B5ED2DC000EBCD1 /* MainView.swift */,
				699750DA2B614E61000EBCD1 /* JobListView.swift */,
				69352EB92BBB2C4B00B8A77B /* MainListCellView.swift */,
				69984B7A2BD9BD3E002C23F2 /* SingleJobStatusView.swift */,
				696208562B6A98730045DD39 /* MainViewViewModel.swift */,
				69352EBE2BBC23F400B8A77B /* InfoRectangles */,
			);
			path = MainView;
			sourceTree = "<group>";
		};
		69352EC02BBC245100B8A77B /* Utils */ = {
			isa = PBXGroup;
			children = (
				69F725BD2CDD01610064C999 /* Containers */,
				69F725C02CDD02F10064C999 /* Helpers */,
				69F2F7822D35645B008B20D5 /* BaseViewModel.swift */,
			);
			path = Utils;
			sourceTree = "<group>";
		};
		69352EC52BBC695000B8A77B /* Models */ = {
			isa = PBXGroup;
			children = (
				69352ED02BBF603100B8A77B /* EditTip.swift */,
				69352EC82BBD6FC100B8A77B /* CompanyInfo.swift */,
				69F167FE2D3ECC5C001F06CC /* OnlineJob.swift */,
				693AD18F2D41800F0059686E /* Job.swift */,
				69A9F1C82D49878E00652CB6 /* IdentifiableLocation.swift */,
			);
			path = Models;
			sourceTree = "<group>";
		};
		6975514F2C47E34700279021 /* Logo */ = {
			isa = PBXGroup;
			children = (
				69352ECC2BBDA36900B8A77B /* LogoOptionsView.swift */,
				69352ECE2BBEBB6C00B8A77B /* LogoOptionsViewModel.swift */,
			);
			path = Logo;
			sourceTree = "<group>";
		};
		697759532D4017B300773B8A /* Frameworks */ = {
			isa = PBXGroup;
			children = (
				692ABA782D41354800C54CF7 /* SwiftUI.framework */,
			);
			name = Frameworks;
			sourceTree = "<group>";
		};
		699750B92B5ED2DC000EBCD1 = {
			isa = PBXGroup;
			children = (
				699750C42B5ED2DC000EBCD1 /* Jobs */,
				69D00D3C2CE3CF330072DB4A /* JobsTests */,
				692ABA402D405A5E00C54CF7 /* ShareJobExtension */,
				697759532D4017B300773B8A /* Frameworks */,
				699750C32B5ED2DC000EBCD1 /* Products */,
			);
			sourceTree = "<group>";
		};
		699750C32B5ED2DC000EBCD1 /* Products */ = {
			isa = PBXGroup;
			children = (
				699750C22B5ED2DC000EBCD1 /* Jobs.app */,
				69D00D3B2CE3CF330072DB4A /* JobsTests.xctest */,
				692ABA3F2D405A5E00C54CF7 /* ShareJobExtension.appex */,
			);
			name = Products;
			sourceTree = "<group>";
		};
		699750C42B5ED2DC000EBCD1 /* Jobs */ = {
			isa = PBXGroup;
			children = (
				696208552B6A8FE70045DD39 /* Info.plist */,
				696208542B6A8F620045DD39 /* JobsDebug.entitlements */,
				699750C52B5ED2DC000EBCD1 /* JobsApp.swift */,
				69984B7C2BED7445002C23F2 /* TabViewRoot.swift */,
				69352EC52BBC695000B8A77B /* Models */,
				69352EBB2BBC23C000B8A77B /* Scenes */,
				69352EC02BBC245100B8A77B /* Utils */,
				699750C92B5ED2DD000EBCD1 /* Assets.xcassets */,
				699750CB2B5ED2DD000EBCD1 /* Jobs.entitlements */,
				699750CC2B5ED2DD000EBCD1 /* Preview Content */,
			);
			path = Jobs;
			sourceTree = "<group>";
		};
		699750CC2B5ED2DD000EBCD1 /* Preview Content */ = {
			isa = PBXGroup;
			children = (
				699750CD2B5ED2DD000EBCD1 /* Preview Assets.xcassets */,
			);
			path = "Preview Content";
			sourceTree = "<group>";
		};
		69D583722C39A45900084C5E /* Overview */ = {
			isa = PBXGroup;
			children = (
				69D583732C39A46900084C5E /* OverView.swift */,
				69D583752C39A4F100084C5E /* OverViewViewModel.swift */,
			);
			path = Overview;
			sourceTree = "<group>";
		};
		69F168042D3EF62E001F06CC /* OnlineJob */ = {
			isa = PBXGroup;
			children = (
				69F168002D3EF3EF001F06CC /* OnlineJobsViewModel.swift */,
				69F168022D3EF3FB001F06CC /* OnlineJobsView.swift */,
			);
			path = OnlineJob;
			sourceTree = "<group>";
		};
		69F725B22CD8E8B10064C999 /* Settings */ = {
			isa = PBXGroup;
			children = (
				69F725B02CD8E8A50064C999 /* SettingsView.swift */,
			);
			path = Settings;
			sourceTree = "<group>";
		};
		69F725BC2CDD015B0064C999 /* Managers */ = {
			isa = PBXGroup;
			children = (
				69352EC62BBD6DAC00B8A77B /* NetworkManager.swift */,
				69F725B32CDBFD710064C999 /* CalendarManager.swift */,
				69F725B52CDBFFA30064C999 /* LocalNotificationsManager.swift */,
			);
			path = Managers;
			sourceTree = "<group>";
		};
		69F725BD2CDD01610064C999 /* Containers */ = {
			isa = PBXGroup;
			children = (
				69F725BE2CDD02980064C999 /* DependancyContainer */,
				69F725BC2CDD015B0064C999 /* Managers */,
			);
			path = Containers;
			sourceTree = "<group>";
		};
		69F725BE2CDD02980064C999 /* DependancyContainer */ = {
			isa = PBXGroup;
			children = (
				69F725BA2CDCFEB10064C999 /* DependencyContainer.swift */,
			);
			path = DependancyContainer;
			sourceTree = "<group>";
		};
		69F725BF2CDD02C30064C999 /* Shared */ = {
			isa = PBXGroup;
			children = (
				69D583792C3DD84700084C5E /* WorkingDaysView.swift */,
				6974A10F2C8E495900570472 /* CellBackgroundModifiers.swift */,
				698006742BB37DF9007C725E /* TextfieldWithSFSymbol.swift */,
				69A9F1CE2D4A3BC600652CB6 /* SearchableUITextView.swift */,
				69A9F1D52D4AE3C900652CB6 /* CachedImage.swift */,
			);
			path = Shared;
			sourceTree = "<group>";
		};
		69F725C02CDD02F10064C999 /* Helpers */ = {
			isa = PBXGroup;
			children = (
				69352ECA2BBD71EC00B8A77B /* NetworkHelpers.swift */,
				6966B0DC2BB8DF7200BD3424 /* EmailHelper.swift */,
				693AD18E2D41800F0059686E /* JobHelpers.swift */,
			);
			path = Helpers;
			sourceTree = "<group>";
		};
/* End PBXGroup section */

/* Begin PBXNativeTarget section */
		692ABA3E2D405A5E00C54CF7 /* ShareJobExtension */ = {
			isa = PBXNativeTarget;
			buildConfigurationList = 692ABA4B2D405A5E00C54CF7 /* Build configuration list for PBXNativeTarget "ShareJobExtension" */;
			buildPhases = (
				692ABA3B2D405A5E00C54CF7 /* Sources */,
				692ABA3C2D405A5E00C54CF7 /* Frameworks */,
				692ABA3D2D405A5E00C54CF7 /* Resources */,
				692ABA522D405A6D00C54CF7 /* Embed Frameworks */,
			);
			buildRules = (
			);
			dependencies = (
			);
			fileSystemSynchronizedGroups = (
				692ABA402D405A5E00C54CF7 /* ShareJobExtension */,
			);
			name = ShareJobExtension;
			packageProductDependencies = (
				693AD1A12D42C4C20059686E /* Factory */,
				693013432D4AE62E00B38851 /* SDWebImageSwiftUI */,
			);
			productName = ShareJobExtension;
			productReference = 692ABA3F2D405A5E00C54CF7 /* ShareJobExtension.appex */;
			productType = "com.apple.product-type.app-extension";
		};
		699750C12B5ED2DC000EBCD1 /* Jobs */ = {
			isa = PBXNativeTarget;
			buildConfigurationList = 699750D12B5ED2DD000EBCD1 /* Build configuration list for PBXNativeTarget "Jobs" */;
			buildPhases = (
				699750BE2B5ED2DC000EBCD1 /* Sources */,
				699750BF2B5ED2DC000EBCD1 /* Frameworks */,
				699750C02B5ED2DC000EBCD1 /* Resources */,
				697759262D3FDD8000773B8A /* Embed Foundation Extensions */,
				6977593E2D40168000773B8A /* Embed Frameworks */,
			);
			buildRules = (
			);
			dependencies = (
				692ABA482D405A5E00C54CF7 /* PBXTargetDependency */,
			);
			name = Jobs;
			productName = Jobs;
			productReference = 699750C22B5ED2DC000EBCD1 /* Jobs.app */;
			productType = "com.apple.product-type.application";
		};
		69D00D3A2CE3CF330072DB4A /* JobsTests */ = {
			isa = PBXNativeTarget;
			buildConfigurationList = 69D00D412CE3CF330072DB4A /* Build configuration list for PBXNativeTarget "JobsTests" */;
			buildPhases = (
				69D00D372CE3CF330072DB4A /* Sources */,
				69D00D382CE3CF330072DB4A /* Frameworks */,
				69D00D392CE3CF330072DB4A /* Resources */,
			);
			buildRules = (
			);
			dependencies = (
				69D00D402CE3CF330072DB4A /* PBXTargetDependency */,
			);
			fileSystemSynchronizedGroups = (
				69D00D3C2CE3CF330072DB4A /* JobsTests */,
			);
			name = JobsTests;
			packageProductDependencies = (
			);
			productName = JobsTests;
			productReference = 69D00D3B2CE3CF330072DB4A /* JobsTests.xctest */;
			productType = "com.apple.product-type.bundle.unit-test";
		};
/* End PBXNativeTarget section */

/* Begin PBXProject section */
		699750BA2B5ED2DC000EBCD1 /* Project object */ = {
			isa = PBXProject;
			attributes = {
				BuildIndependentTargetsInParallel = 1;
				LastSwiftUpdateCheck = 1600;
				LastUpgradeCheck = 1600;
				TargetAttributes = {
					692ABA3E2D405A5E00C54CF7 = {
						CreatedOnToolsVersion = 16.0;
					};
					699750C12B5ED2DC000EBCD1 = {
						CreatedOnToolsVersion = 15.1;
					};
					69D00D3A2CE3CF330072DB4A = {
						CreatedOnToolsVersion = 16.0;
						TestTargetID = 699750C12B5ED2DC000EBCD1;
					};
				};
			};
			buildConfigurationList = 699750BD2B5ED2DC000EBCD1 /* Build configuration list for PBXProject "Jobs" */;
			developmentRegion = en;
			hasScannedForEncodings = 0;
			knownRegions = (
				en,
				Base,
			);
			mainGroup = 699750B92B5ED2DC000EBCD1;
			packageReferences = (
				69F725B72CDCFE510064C999 /* XCRemoteSwiftPackageReference "Factory" */,
				693013422D4AE50400B38851 /* XCRemoteSwiftPackageReference "SDWebImageSwiftUI" */,
			);
			preferredProjectObjectVersion = 56;
			productRefGroup = 699750C32B5ED2DC000EBCD1 /* Products */;
			projectDirPath = "";
			projectRoot = "";
			targets = (
				699750C12B5ED2DC000EBCD1 /* Jobs */,
				69D00D3A2CE3CF330072DB4A /* JobsTests */,
				692ABA3E2D405A5E00C54CF7 /* ShareJobExtension */,
			);
		};
/* End PBXProject section */

/* Begin PBXResourcesBuildPhase section */
		692ABA3D2D405A5E00C54CF7 /* Resources */ = {
			isa = PBXResourcesBuildPhase;
			buildActionMask = 2147483647;
			files = (
			);
			runOnlyForDeploymentPostprocessing = 0;
		};
		699750C02B5ED2DC000EBCD1 /* Resources */ = {
			isa = PBXResourcesBuildPhase;
			buildActionMask = 2147483647;
			files = (
				699750CE2B5ED2DD000EBCD1 /* Preview Assets.xcassets in Resources */,
				699750CA2B5ED2DD000EBCD1 /* Assets.xcassets in Resources */,
			);
			runOnlyForDeploymentPostprocessing = 0;
		};
		69D00D392CE3CF330072DB4A /* Resources */ = {
			isa = PBXResourcesBuildPhase;
			buildActionMask = 2147483647;
			files = (
			);
			runOnlyForDeploymentPostprocessing = 0;
		};
/* End PBXResourcesBuildPhase section */

/* Begin PBXSourcesBuildPhase section */
		692ABA3B2D405A5E00C54CF7 /* Sources */ = {
			isa = PBXSourcesBuildPhase;
			buildActionMask = 2147483647;
			files = (
				693AD1AA2D4705C10059686E /* CellBackgroundModifiers.swift in Sources */,
				693AD1A72D42E4430059686E /* WorkingDaysView.swift in Sources */,
				693AD1A62D42E42F0059686E /* TextfieldWithSFSymbol.swift in Sources */,
				693AD1A52D42E4180059686E /* NewJobViewModel.swift in Sources */,
				693AD1A42D42E3F60059686E /* NewJobView.swift in Sources */,
				693AD1A32D42C5AE0059686E /* BaseViewModel.swift in Sources */,
				693AD1A02D42C49D0059686E /* NetworkHelpers.swift in Sources */,
				693AD19E2D42C4920059686E /* CompanyInfo.swift in Sources */,
				693AD19F2D42C4920059686E /* OnlineJob.swift in Sources */,
				693AD19B2D42C46D0059686E /* NetworkManager.swift in Sources */,
				693AD19C2D42C46D0059686E /* CalendarManager.swift in Sources */,
				693AD19D2D42C46D0059686E /* LocalNotificationsManager.swift in Sources */,
				693AD19A2D42C44A0059686E /* DependencyContainer.swift in Sources */,
				69A9F1D62D4AE3C900652CB6 /* CachedImage.swift in Sources */,
				693AD1972D42C1B90059686E /* JobHelpers.swift in Sources */,
				69A9F1C92D49878E00652CB6 /* IdentifiableLocation.swift in Sources */,
				693AD1962D42C1B20059686E /* Job.swift in Sources */,
			);
			runOnlyForDeploymentPostprocessing = 0;
		};
		699750BE2B5ED2DC000EBCD1 /* Sources */ = {
			isa = PBXSourcesBuildPhase;
			buildActionMask = 2147483647;
			files = (
				693AD1982D42C25F0059686E /* Job.swift in Sources */,
				693AD1992D42C25F0059686E /* JobHelpers.swift in Sources */,
				69D583742C39A46900084C5E /* OverView.swift in Sources */,
				69A9F1CA2D49878E00652CB6 /* IdentifiableLocation.swift in Sources */,
				69F725BB2CDCFEB10064C999 /* DependencyContainer.swift in Sources */,
				699750D92B6007AD000EBCD1 /* EditJobView.swift in Sources */,
				69352EC92BBD6FC100B8A77B /* CompanyInfo.swift in Sources */,
				69F167FF2D3ECC5C001F06CC /* OnlineJob.swift in Sources */,
				69352EC22BBC248A00B8A77B /* EditJobViewModel.swift in Sources */,
				69352EC42BBC249300B8A77B /* NewJobViewModel.swift in Sources */,
				69352EC72BBD6DAC00B8A77B /* NetworkManager.swift in Sources */,
				69352ECB2BBD71EC00B8A77B /* NetworkHelpers.swift in Sources */,
				69984B7B2BD9BD3E002C23F2 /* SingleJobStatusView.swift in Sources */,
				69352EB62BBB2A3200B8A77B /* SingleRectangleView.swift in Sources */,
				696208572B6A98730045DD39 /* MainViewViewModel.swift in Sources */,
				69352ECD2BBDA36900B8A77B /* LogoOptionsView.swift in Sources */,
				69F725B62CDBFFA30064C999 /* LocalNotificationsManager.swift in Sources */,
				69352EBA2BBB2C4B00B8A77B /* MainListCellView.swift in Sources */,
				69D5837A2C3DD84700084C5E /* WorkingDaysView.swift in Sources */,
				699750C82B5ED2DC000EBCD1 /* MainView.swift in Sources */,
				6966B0DD2BB8DF7200BD3424 /* EmailHelper.swift in Sources */,
				69352EB82BBB2B7A00B8A77B /* RectanglesView.swift in Sources */,
				698006752BB37DF9007C725E /* TextfieldWithSFSymbol.swift in Sources */,
				699750DB2B614E61000EBCD1 /* JobListView.swift in Sources */,
				69F2F7832D35645B008B20D5 /* BaseViewModel.swift in Sources */,
				69F725B42CDBFD710064C999 /* CalendarManager.swift in Sources */,
				6974A1102C8E495900570472 /* CellBackgroundModifiers.swift in Sources */,
				69F725B12CD8E8A50064C999 /* SettingsView.swift in Sources */,
				69F168012D3EF3EF001F06CC /* OnlineJobsViewModel.swift in Sources */,
				699750C62B5ED2DC000EBCD1 /* JobsApp.swift in Sources */,
				69352ECF2BBEBB6C00B8A77B /* LogoOptionsViewModel.swift in Sources */,
				69A9F1CF2D4A3BC600652CB6 /* SearchableUITextView.swift in Sources */,
				69984B7D2BED7445002C23F2 /* TabViewRoot.swift in Sources */,
				69352ED12BBF603100B8A77B /* EditTip.swift in Sources */,
				69D583762C39A4F100084C5E /* OverViewViewModel.swift in Sources */,
				69F168032D3EF3FB001F06CC /* OnlineJobsView.swift in Sources */,
				699750D72B5FF413000EBCD1 /* NewJobView.swift in Sources */,
				69A9F1D72D4AE3C900652CB6 /* CachedImage.swift in Sources */,
			);
			runOnlyForDeploymentPostprocessing = 0;
		};
		69D00D372CE3CF330072DB4A /* Sources */ = {
			isa = PBXSourcesBuildPhase;
			buildActionMask = 2147483647;
			files = (
			);
			runOnlyForDeploymentPostprocessing = 0;
		};
/* End PBXSourcesBuildPhase section */

/* Begin PBXTargetDependency section */
		692ABA482D405A5E00C54CF7 /* PBXTargetDependency */ = {
			isa = PBXTargetDependency;
			target = 692ABA3E2D405A5E00C54CF7 /* ShareJobExtension */;
			targetProxy = 692ABA472D405A5E00C54CF7 /* PBXContainerItemProxy */;
		};
		69D00D402CE3CF330072DB4A /* PBXTargetDependency */ = {
			isa = PBXTargetDependency;
			target = 699750C12B5ED2DC000EBCD1 /* Jobs */;
			targetProxy = 69D00D3F2CE3CF330072DB4A /* PBXContainerItemProxy */;
		};
/* End PBXTargetDependency section */

/* Begin XCBuildConfiguration section */
		692ABA4C2D405A5E00C54CF7 /* Debug */ = {
			isa = XCBuildConfiguration;
			buildSettings = {
				CODE_SIGN_ENTITLEMENTS = ShareJobExtension/ShareJobExtension.entitlements;
				CODE_SIGN_STYLE = Automatic;
				CURRENT_PROJECT_VERSION = 1;
				DEVELOPMENT_TEAM = 9FVDFCLP22;
				GENERATE_INFOPLIST_FILE = YES;
				INFOPLIST_FILE = ShareJobExtension/Info.plist;
				INFOPLIST_KEY_CFBundleDisplayName = ShareJobExtension;
				INFOPLIST_KEY_NSHumanReadableCopyright = "";
				IPHONEOS_DEPLOYMENT_TARGET = 18.0;
				LD_RUNPATH_SEARCH_PATHS = (
					"$(inherited)",
					"@executable_path/Frameworks",
					"@executable_path/../../Frameworks",
				);
				MARKETING_VERSION = 1.0;
				PRODUCT_BUNDLE_IDENTIFIER = com.RuiSilva.Jobs.ShareJobExtension;
				PRODUCT_NAME = "$(TARGET_NAME)";
				SDKROOT = iphoneos;
				SKIP_INSTALL = YES;
				SUPPORTED_PLATFORMS = "iphoneos iphonesimulator";
				SUPPORTS_MACCATALYST = NO;
				SUPPORTS_MAC_DESIGNED_FOR_IPHONE_IPAD = NO;
				SUPPORTS_XR_DESIGNED_FOR_IPHONE_IPAD = NO;
				SWIFT_EMIT_LOC_STRINGS = YES;
				SWIFT_VERSION = 5.0;
				TARGETED_DEVICE_FAMILY = "1,2";
			};
			name = Debug;
		};
		692ABA4D2D405A5E00C54CF7 /* Release */ = {
			isa = XCBuildConfiguration;
			buildSettings = {
				CODE_SIGN_ENTITLEMENTS = ShareJobExtension/ShareJobExtension.entitlements;
				CODE_SIGN_STYLE = Automatic;
				CURRENT_PROJECT_VERSION = 1;
				DEVELOPMENT_TEAM = 9FVDFCLP22;
				GENERATE_INFOPLIST_FILE = YES;
				INFOPLIST_FILE = ShareJobExtension/Info.plist;
				INFOPLIST_KEY_CFBundleDisplayName = ShareJobExtension;
				INFOPLIST_KEY_NSHumanReadableCopyright = "";
				IPHONEOS_DEPLOYMENT_TARGET = 18.0;
				LD_RUNPATH_SEARCH_PATHS = (
					"$(inherited)",
					"@executable_path/Frameworks",
					"@executable_path/../../Frameworks",
				);
				MARKETING_VERSION = 1.0;
				PRODUCT_BUNDLE_IDENTIFIER = com.RuiSilva.Jobs.ShareJobExtension;
				PRODUCT_NAME = "$(TARGET_NAME)";
				SDKROOT = iphoneos;
				SKIP_INSTALL = YES;
				SUPPORTED_PLATFORMS = "iphoneos iphonesimulator";
				SUPPORTS_MACCATALYST = NO;
				SUPPORTS_MAC_DESIGNED_FOR_IPHONE_IPAD = NO;
				SUPPORTS_XR_DESIGNED_FOR_IPHONE_IPAD = NO;
				SWIFT_EMIT_LOC_STRINGS = YES;
				SWIFT_VERSION = 5.0;
				TARGETED_DEVICE_FAMILY = "1,2";
				VALIDATE_PRODUCT = YES;
			};
			name = Release;
		};
		699750CF2B5ED2DD000EBCD1 /* Debug */ = {
			isa = XCBuildConfiguration;
			buildSettings = {
				ALWAYS_SEARCH_USER_PATHS = NO;
				ASSETCATALOG_COMPILER_GENERATE_SWIFT_ASSET_SYMBOL_EXTENSIONS = YES;
				CLANG_ANALYZER_NONNULL = YES;
				CLANG_ANALYZER_NUMBER_OBJECT_CONVERSION = YES_AGGRESSIVE;
				CLANG_CXX_LANGUAGE_STANDARD = "gnu++20";
				CLANG_ENABLE_MODULES = YES;
				CLANG_ENABLE_OBJC_ARC = YES;
				CLANG_ENABLE_OBJC_WEAK = YES;
				CLANG_WARN_BLOCK_CAPTURE_AUTORELEASING = YES;
				CLANG_WARN_BOOL_CONVERSION = YES;
				CLANG_WARN_COMMA = YES;
				CLANG_WARN_CONSTANT_CONVERSION = YES;
				CLANG_WARN_DEPRECATED_OBJC_IMPLEMENTATIONS = YES;
				CLANG_WARN_DIRECT_OBJC_ISA_USAGE = YES_ERROR;
				CLANG_WARN_DOCUMENTATION_COMMENTS = YES;
				CLANG_WARN_EMPTY_BODY = YES;
				CLANG_WARN_ENUM_CONVERSION = YES;
				CLANG_WARN_INFINITE_RECURSION = YES;
				CLANG_WARN_INT_CONVERSION = YES;
				CLANG_WARN_NON_LITERAL_NULL_CONVERSION = YES;
				CLANG_WARN_OBJC_IMPLICIT_RETAIN_SELF = YES;
				CLANG_WARN_OBJC_LITERAL_CONVERSION = YES;
				CLANG_WARN_OBJC_ROOT_CLASS = YES_ERROR;
				CLANG_WARN_QUOTED_INCLUDE_IN_FRAMEWORK_HEADER = YES;
				CLANG_WARN_RANGE_LOOP_ANALYSIS = YES;
				CLANG_WARN_STRICT_PROTOTYPES = YES;
				CLANG_WARN_SUSPICIOUS_MOVE = YES;
				CLANG_WARN_UNGUARDED_AVAILABILITY = YES_AGGRESSIVE;
				CLANG_WARN_UNREACHABLE_CODE = YES;
				CLANG_WARN__DUPLICATE_METHOD_MATCH = YES;
				COPY_PHASE_STRIP = NO;
				DEAD_CODE_STRIPPING = YES;
				DEBUG_INFORMATION_FORMAT = dwarf;
				ENABLE_STRICT_OBJC_MSGSEND = YES;
				ENABLE_TESTABILITY = YES;
				ENABLE_USER_SCRIPT_SANDBOXING = YES;
				GCC_C_LANGUAGE_STANDARD = gnu17;
				GCC_DYNAMIC_NO_PIC = NO;
				GCC_NO_COMMON_BLOCKS = YES;
				GCC_OPTIMIZATION_LEVEL = 0;
				GCC_PREPROCESSOR_DEFINITIONS = (
					"DEBUG=1",
					"$(inherited)",
				);
				GCC_WARN_64_TO_32_BIT_CONVERSION = YES;
				GCC_WARN_ABOUT_RETURN_TYPE = YES_ERROR;
				GCC_WARN_UNDECLARED_SELECTOR = YES;
				GCC_WARN_UNINITIALIZED_AUTOS = YES_AGGRESSIVE;
				GCC_WARN_UNUSED_FUNCTION = YES;
				GCC_WARN_UNUSED_VARIABLE = YES;
				LOCALIZATION_PREFERS_STRING_CATALOGS = YES;
				MTL_ENABLE_DEBUG_INFO = INCLUDE_SOURCE;
				MTL_FAST_MATH = YES;
				ONLY_ACTIVE_ARCH = YES;
				SWIFT_ACTIVE_COMPILATION_CONDITIONS = "DEBUG $(inherited)";
				SWIFT_OPTIMIZATION_LEVEL = "-Onone";
			};
			name = Debug;
		};
		699750D02B5ED2DD000EBCD1 /* Release */ = {
			isa = XCBuildConfiguration;
			buildSettings = {
				ALWAYS_SEARCH_USER_PATHS = NO;
				ASSETCATALOG_COMPILER_GENERATE_SWIFT_ASSET_SYMBOL_EXTENSIONS = YES;
				CLANG_ANALYZER_NONNULL = YES;
				CLANG_ANALYZER_NUMBER_OBJECT_CONVERSION = YES_AGGRESSIVE;
				CLANG_CXX_LANGUAGE_STANDARD = "gnu++20";
				CLANG_ENABLE_MODULES = YES;
				CLANG_ENABLE_OBJC_ARC = YES;
				CLANG_ENABLE_OBJC_WEAK = YES;
				CLANG_WARN_BLOCK_CAPTURE_AUTORELEASING = YES;
				CLANG_WARN_BOOL_CONVERSION = YES;
				CLANG_WARN_COMMA = YES;
				CLANG_WARN_CONSTANT_CONVERSION = YES;
				CLANG_WARN_DEPRECATED_OBJC_IMPLEMENTATIONS = YES;
				CLANG_WARN_DIRECT_OBJC_ISA_USAGE = YES_ERROR;
				CLANG_WARN_DOCUMENTATION_COMMENTS = YES;
				CLANG_WARN_EMPTY_BODY = YES;
				CLANG_WARN_ENUM_CONVERSION = YES;
				CLANG_WARN_INFINITE_RECURSION = YES;
				CLANG_WARN_INT_CONVERSION = YES;
				CLANG_WARN_NON_LITERAL_NULL_CONVERSION = YES;
				CLANG_WARN_OBJC_IMPLICIT_RETAIN_SELF = YES;
				CLANG_WARN_OBJC_LITERAL_CONVERSION = YES;
				CLANG_WARN_OBJC_ROOT_CLASS = YES_ERROR;
				CLANG_WARN_QUOTED_INCLUDE_IN_FRAMEWORK_HEADER = YES;
				CLANG_WARN_RANGE_LOOP_ANALYSIS = YES;
				CLANG_WARN_STRICT_PROTOTYPES = YES;
				CLANG_WARN_SUSPICIOUS_MOVE = YES;
				CLANG_WARN_UNGUARDED_AVAILABILITY = YES_AGGRESSIVE;
				CLANG_WARN_UNREACHABLE_CODE = YES;
				CLANG_WARN__DUPLICATE_METHOD_MATCH = YES;
				COPY_PHASE_STRIP = NO;
				DEAD_CODE_STRIPPING = YES;
				DEBUG_INFORMATION_FORMAT = "dwarf-with-dsym";
				ENABLE_NS_ASSERTIONS = NO;
				ENABLE_STRICT_OBJC_MSGSEND = YES;
				ENABLE_USER_SCRIPT_SANDBOXING = YES;
				GCC_C_LANGUAGE_STANDARD = gnu17;
				GCC_NO_COMMON_BLOCKS = YES;
				GCC_WARN_64_TO_32_BIT_CONVERSION = YES;
				GCC_WARN_ABOUT_RETURN_TYPE = YES_ERROR;
				GCC_WARN_UNDECLARED_SELECTOR = YES;
				GCC_WARN_UNINITIALIZED_AUTOS = YES_AGGRESSIVE;
				GCC_WARN_UNUSED_FUNCTION = YES;
				GCC_WARN_UNUSED_VARIABLE = YES;
				LOCALIZATION_PREFERS_STRING_CATALOGS = YES;
				MTL_ENABLE_DEBUG_INFO = NO;
				MTL_FAST_MATH = YES;
				SWIFT_COMPILATION_MODE = wholemodule;
			};
			name = Release;
		};
		699750D22B5ED2DD000EBCD1 /* Debug */ = {
			isa = XCBuildConfiguration;
			buildSettings = {
				ASSETCATALOG_COMPILER_APPICON_NAME = AppIcon;
				ASSETCATALOG_COMPILER_GLOBAL_ACCENT_COLOR_NAME = AccentColor;
				ASSETCATALOG_COMPILER_INCLUDE_ALL_APPICON_ASSETS = NO;
				CODE_SIGN_ENTITLEMENTS = Jobs/JobsDebug.entitlements;
				CODE_SIGN_STYLE = Automatic;
				CURRENT_PROJECT_VERSION = 1;
				DEAD_CODE_STRIPPING = YES;
				DEVELOPMENT_ASSET_PATHS = "\"Jobs/Preview Content\"";
				DEVELOPMENT_TEAM = 9FVDFCLP22;
				ENABLE_HARDENED_RUNTIME = YES;
				ENABLE_PREVIEWS = YES;
				GENERATE_INFOPLIST_FILE = YES;
				INFOPLIST_FILE = Jobs/Info.plist;
				INFOPLIST_KEY_NSCalendarsUsageDescription = "";
				"INFOPLIST_KEY_UIApplicationSceneManifest_Generation[sdk=iphoneos*]" = YES;
				"INFOPLIST_KEY_UIApplicationSceneManifest_Generation[sdk=iphonesimulator*]" = YES;
				"INFOPLIST_KEY_UIApplicationSupportsIndirectInputEvents[sdk=iphoneos*]" = YES;
				"INFOPLIST_KEY_UIApplicationSupportsIndirectInputEvents[sdk=iphonesimulator*]" = YES;
				"INFOPLIST_KEY_UILaunchScreen_Generation[sdk=iphoneos*]" = YES;
				"INFOPLIST_KEY_UILaunchScreen_Generation[sdk=iphonesimulator*]" = YES;
				"INFOPLIST_KEY_UIStatusBarStyle[sdk=iphoneos*]" = UIStatusBarStyleDefault;
				"INFOPLIST_KEY_UIStatusBarStyle[sdk=iphonesimulator*]" = UIStatusBarStyleDefault;
				INFOPLIST_KEY_UISupportedInterfaceOrientations_iPad = "UIInterfaceOrientationPortrait UIInterfaceOrientationPortraitUpsideDown UIInterfaceOrientationLandscapeLeft UIInterfaceOrientationLandscapeRight";
				INFOPLIST_KEY_UISupportedInterfaceOrientations_iPhone = "UIInterfaceOrientationPortrait UIInterfaceOrientationLandscapeLeft UIInterfaceOrientationLandscapeRight";
				IPHONEOS_DEPLOYMENT_TARGET = 18.0;
				LD_RUNPATH_SEARCH_PATHS = "@executable_path/Frameworks";
				"LD_RUNPATH_SEARCH_PATHS[sdk=macosx*]" = "@executable_path/../Frameworks";
				MACOSX_DEPLOYMENT_TARGET = 14.0;
				MARKETING_VERSION = 1.0;
				PRODUCT_BUNDLE_IDENTIFIER = com.RuiSilva.Jobs;
				PRODUCT_NAME = "$(TARGET_NAME)";
				SDKROOT = auto;
				SUPPORTED_PLATFORMS = "iphoneos iphonesimulator";
				SUPPORTS_MACCATALYST = NO;
				SWIFT_EMIT_LOC_STRINGS = YES;
				SWIFT_VERSION = 5.0;
				TARGETED_DEVICE_FAMILY = "1,2";
			};
			name = Debug;
		};
		699750D32B5ED2DD000EBCD1 /* Release */ = {
			isa = XCBuildConfiguration;
			buildSettings = {
				ASSETCATALOG_COMPILER_APPICON_NAME = AppIcon;
				ASSETCATALOG_COMPILER_GLOBAL_ACCENT_COLOR_NAME = AccentColor;
				ASSETCATALOG_COMPILER_INCLUDE_ALL_APPICON_ASSETS = NO;
				CODE_SIGN_ENTITLEMENTS = Jobs/Jobs.entitlements;
				CODE_SIGN_STYLE = Automatic;
				CURRENT_PROJECT_VERSION = 1;
				DEAD_CODE_STRIPPING = YES;
				DEVELOPMENT_ASSET_PATHS = "\"Jobs/Preview Content\"";
				DEVELOPMENT_TEAM = 9FVDFCLP22;
				ENABLE_HARDENED_RUNTIME = YES;
				ENABLE_PREVIEWS = YES;
				GENERATE_INFOPLIST_FILE = YES;
				INFOPLIST_FILE = Jobs/Info.plist;
				INFOPLIST_KEY_NSCalendarsUsageDescription = "";
				"INFOPLIST_KEY_UIApplicationSceneManifest_Generation[sdk=iphoneos*]" = YES;
				"INFOPLIST_KEY_UIApplicationSceneManifest_Generation[sdk=iphonesimulator*]" = YES;
				"INFOPLIST_KEY_UIApplicationSupportsIndirectInputEvents[sdk=iphoneos*]" = YES;
				"INFOPLIST_KEY_UIApplicationSupportsIndirectInputEvents[sdk=iphonesimulator*]" = YES;
				"INFOPLIST_KEY_UILaunchScreen_Generation[sdk=iphoneos*]" = YES;
				"INFOPLIST_KEY_UILaunchScreen_Generation[sdk=iphonesimulator*]" = YES;
				"INFOPLIST_KEY_UIStatusBarStyle[sdk=iphoneos*]" = UIStatusBarStyleDefault;
				"INFOPLIST_KEY_UIStatusBarStyle[sdk=iphonesimulator*]" = UIStatusBarStyleDefault;
				INFOPLIST_KEY_UISupportedInterfaceOrientations_iPad = "UIInterfaceOrientationPortrait UIInterfaceOrientationPortraitUpsideDown UIInterfaceOrientationLandscapeLeft UIInterfaceOrientationLandscapeRight";
				INFOPLIST_KEY_UISupportedInterfaceOrientations_iPhone = "UIInterfaceOrientationPortrait UIInterfaceOrientationLandscapeLeft UIInterfaceOrientationLandscapeRight";
				IPHONEOS_DEPLOYMENT_TARGET = 18.0;
				LD_RUNPATH_SEARCH_PATHS = "@executable_path/Frameworks";
				"LD_RUNPATH_SEARCH_PATHS[sdk=macosx*]" = "@executable_path/../Frameworks";
				MACOSX_DEPLOYMENT_TARGET = 14.0;
				MARKETING_VERSION = 1.0;
				PRODUCT_BUNDLE_IDENTIFIER = com.RuiSilva.Jobs;
				PRODUCT_NAME = "$(TARGET_NAME)";
				SDKROOT = auto;
				SUPPORTED_PLATFORMS = "iphoneos iphonesimulator";
				SUPPORTS_MACCATALYST = NO;
				SWIFT_EMIT_LOC_STRINGS = YES;
				SWIFT_VERSION = 5.0;
				TARGETED_DEVICE_FAMILY = "1,2";
			};
			name = Release;
		};
		69D00D422CE3CF330072DB4A /* Debug */ = {
			isa = XCBuildConfiguration;
			buildSettings = {
				BUNDLE_LOADER = "$(TEST_HOST)";
				CODE_SIGN_STYLE = Automatic;
				CURRENT_PROJECT_VERSION = 1;
				DEVELOPMENT_TEAM = 9FVDFCLP22;
				GENERATE_INFOPLIST_FILE = YES;
				IPHONEOS_DEPLOYMENT_TARGET = 18.0;
				MARKETING_VERSION = 1.0;
				PRODUCT_BUNDLE_IDENTIFIER = RuiSilva.JobsTests;
				PRODUCT_NAME = "$(TARGET_NAME)";
				SDKROOT = iphoneos;
				SWIFT_EMIT_LOC_STRINGS = NO;
				SWIFT_VERSION = 5.0;
				TARGETED_DEVICE_FAMILY = "1,2";
				TEST_HOST = "$(BUILT_PRODUCTS_DIR)/Jobs.app/$(BUNDLE_EXECUTABLE_FOLDER_PATH)/Jobs";
			};
			name = Debug;
		};
		69D00D432CE3CF330072DB4A /* Release */ = {
			isa = XCBuildConfiguration;
			buildSettings = {
				BUNDLE_LOADER = "$(TEST_HOST)";
				CODE_SIGN_STYLE = Automatic;
				CURRENT_PROJECT_VERSION = 1;
				DEVELOPMENT_TEAM = 9FVDFCLP22;
				GENERATE_INFOPLIST_FILE = YES;
				IPHONEOS_DEPLOYMENT_TARGET = 18.0;
				MARKETING_VERSION = 1.0;
				PRODUCT_BUNDLE_IDENTIFIER = RuiSilva.JobsTests;
				PRODUCT_NAME = "$(TARGET_NAME)";
				SDKROOT = iphoneos;
				SWIFT_EMIT_LOC_STRINGS = NO;
				SWIFT_VERSION = 5.0;
				TARGETED_DEVICE_FAMILY = "1,2";
				TEST_HOST = "$(BUILT_PRODUCTS_DIR)/Jobs.app/$(BUNDLE_EXECUTABLE_FOLDER_PATH)/Jobs";
				VALIDATE_PRODUCT = YES;
			};
			name = Release;
		};
/* End XCBuildConfiguration section */

/* Begin XCConfigurationList section */
		692ABA4B2D405A5E00C54CF7 /* Build configuration list for PBXNativeTarget "ShareJobExtension" */ = {
			isa = XCConfigurationList;
			buildConfigurations = (
				692ABA4C2D405A5E00C54CF7 /* Debug */,
				692ABA4D2D405A5E00C54CF7 /* Release */,
			);
			defaultConfigurationIsVisible = 0;
			defaultConfigurationName = Release;
		};
		699750BD2B5ED2DC000EBCD1 /* Build configuration list for PBXProject "Jobs" */ = {
			isa = XCConfigurationList;
			buildConfigurations = (
				699750CF2B5ED2DD000EBCD1 /* Debug */,
				699750D02B5ED2DD000EBCD1 /* Release */,
			);
			defaultConfigurationIsVisible = 0;
			defaultConfigurationName = Release;
		};
		699750D12B5ED2DD000EBCD1 /* Build configuration list for PBXNativeTarget "Jobs" */ = {
			isa = XCConfigurationList;
			buildConfigurations = (
				699750D22B5ED2DD000EBCD1 /* Debug */,
				699750D32B5ED2DD000EBCD1 /* Release */,
			);
			defaultConfigurationIsVisible = 0;
			defaultConfigurationName = Release;
		};
		69D00D412CE3CF330072DB4A /* Build configuration list for PBXNativeTarget "JobsTests" */ = {
			isa = XCConfigurationList;
			buildConfigurations = (
				69D00D422CE3CF330072DB4A /* Debug */,
				69D00D432CE3CF330072DB4A /* Release */,
			);
			defaultConfigurationIsVisible = 0;
			defaultConfigurationName = Release;
		};
/* End XCConfigurationList section */

/* Begin XCRemoteSwiftPackageReference section */
		693013422D4AE50400B38851 /* XCRemoteSwiftPackageReference "SDWebImageSwiftUI" */ = {
			isa = XCRemoteSwiftPackageReference;
			repositoryURL = "https://github.com/SDWebImage/SDWebImageSwiftUI";
			requirement = {
				kind = upToNextMajorVersion;
				minimumVersion = 3.1.3;
			};
		};
		69A9F1D22D4AE0F300652CB6 /* XCRemoteSwiftPackageReference "SDWebImageSwiftUI" */ = {
			isa = XCRemoteSwiftPackageReference;
			repositoryURL = "https://github.com/SDWebImage/SDWebImageSwiftUI";
			requirement = {
				kind = upToNextMajorVersion;
				minimumVersion = 3.1.3;
			};
		};
		69F725B72CDCFE510064C999 /* XCRemoteSwiftPackageReference "Factory" */ = {
			isa = XCRemoteSwiftPackageReference;
			repositoryURL = "https://github.com/hmlongco/Factory";
			requirement = {
				kind = upToNextMajorVersion;
				minimumVersion = 2.4.1;
			};
		};
/* End XCRemoteSwiftPackageReference section */

/* Begin XCSwiftPackageProductDependency section */
		693013432D4AE62E00B38851 /* SDWebImageSwiftUI */ = {
			isa = XCSwiftPackageProductDependency;
			package = 693013422D4AE50400B38851 /* XCRemoteSwiftPackageReference "SDWebImageSwiftUI" */;
			productName = SDWebImageSwiftUI;
		};
		693AD1A12D42C4C20059686E /* Factory */ = {
			isa = XCSwiftPackageProductDependency;
			package = 69F725B72CDCFE510064C999 /* XCRemoteSwiftPackageReference "Factory" */;
			productName = Factory;
		};
		69A9F1D32D4AE0F300652CB6 /* SDWebImageSwiftUI */ = {
			isa = XCSwiftPackageProductDependency;
			package = 69A9F1D22D4AE0F300652CB6 /* XCRemoteSwiftPackageReference "SDWebImageSwiftUI" */;
			productName = SDWebImageSwiftUI;
		};
		69F725B82CDCFE510064C999 /* Factory */ = {
			isa = XCSwiftPackageProductDependency;
			package = 69F725B72CDCFE510064C999 /* XCRemoteSwiftPackageReference "Factory" */;
			productName = Factory;
		};
/* End XCSwiftPackageProductDependency section */
	};
	rootObject = 699750BA2B5ED2DC000EBCD1 /* Project object */;
}
